// !$*UTF8*$!
{
	archiveVersion = 1;
	classes = {
	};
	objectVersion = 46;
	objects = {

/* Begin PBXBuildFile section */
		3D99448D19E6AD27009A1A1F /* Media.xcassets in Resources */ = {isa = PBXBuildFile; fileRef = 3D99448C19E6AD27009A1A1F /* Media.xcassets */; };
		3D99449119E6B54D009A1A1F /* HomepageTVC.m in Sources */ = {isa = PBXBuildFile; fileRef = 3D99449019E6B54D009A1A1F /* HomepageTVC.m */; };
		3D99449419E6B562009A1A1F /* HomepageTableViewCell.m in Sources */ = {isa = PBXBuildFile; fileRef = 3D99449319E6B562009A1A1F /* HomepageTableViewCell.m */; };
		3D99449719E6B68B009A1A1F /* HomepageView.m in Sources */ = {isa = PBXBuildFile; fileRef = 3D99449619E6B68B009A1A1F /* HomepageView.m */; };
		3D99449B19E6BF31009A1A1F /* UIView+create.m in Sources */ = {isa = PBXBuildFile; fileRef = 3D99449A19E6BF31009A1A1F /* UIView+create.m */; };
		3D99449E19E6C03A009A1A1F /* UIImage+tool.m in Sources */ = {isa = PBXBuildFile; fileRef = 3D99449D19E6C03A009A1A1F /* UIImage+tool.m */; };
		3DC1C57719E645FD004F23E1 /* main.m in Sources */ = {isa = PBXBuildFile; fileRef = 3DC1C57619E645FD004F23E1 /* main.m */; };
		3DC1C57A19E645FD004F23E1 /* AppDelegate.m in Sources */ = {isa = PBXBuildFile; fileRef = 3DC1C57919E645FD004F23E1 /* AppDelegate.m */; };
		3DC1C58319E645FD004F23E1 /* Main.storyboard in Resources */ = {isa = PBXBuildFile; fileRef = 3DC1C58119E645FD004F23E1 /* Main.storyboard */; };
		3DC1C59419E645FD004F23E1 /* BeckTests.m in Sources */ = {isa = PBXBuildFile; fileRef = 3DC1C59319E645FD004F23E1 /* BeckTests.m */; };
/* End PBXBuildFile section */

/* Begin PBXContainerItemProxy section */
		3DC1C58E19E645FD004F23E1 /* PBXContainerItemProxy */ = {
			isa = PBXContainerItemProxy;
			containerPortal = 3DC1C56919E645FD004F23E1 /* Project object */;
			proxyType = 1;
			remoteGlobalIDString = 3DC1C57019E645FD004F23E1;
			remoteInfo = Beck;
		};
/* End PBXContainerItemProxy section */

/* Begin PBXFileReference section */
		3D99448C19E6AD27009A1A1F /* Media.xcassets */ = {isa = PBXFileReference; lastKnownFileType = folder.assetcatalog; path = Media.xcassets; sourceTree = "<group>"; };
		3D99448E19E6B08C009A1A1F /* PrefixHeader.pch */ = {isa = PBXFileReference; lastKnownFileType = sourcecode.c.h; path = PrefixHeader.pch; sourceTree = "<group>"; };
		3D99448F19E6B54D009A1A1F /* HomepageTVC.h */ = {isa = PBXFileReference; fileEncoding = 4; lastKnownFileType = sourcecode.c.h; path = HomepageTVC.h; sourceTree = "<group>"; };
		3D99449019E6B54D009A1A1F /* HomepageTVC.m */ = {isa = PBXFileReference; fileEncoding = 4; lastKnownFileType = sourcecode.c.objc; path = HomepageTVC.m; sourceTree = "<group>"; };
		3D99449219E6B562009A1A1F /* HomepageTableViewCell.h */ = {isa = PBXFileReference; fileEncoding = 4; lastKnownFileType = sourcecode.c.h; path = HomepageTableViewCell.h; sourceTree = "<group>"; };
		3D99449319E6B562009A1A1F /* HomepageTableViewCell.m */ = {isa = PBXFileReference; fileEncoding = 4; lastKnownFileType = sourcecode.c.objc; path = HomepageTableViewCell.m; sourceTree = "<group>"; };
		3D99449519E6B68B009A1A1F /* HomepageView.h */ = {isa = PBXFileReference; fileEncoding = 4; lastKnownFileType = sourcecode.c.h; path = HomepageView.h; sourceTree = "<group>"; };
		3D99449619E6B68B009A1A1F /* HomepageView.m */ = {isa = PBXFileReference; fileEncoding = 4; lastKnownFileType = sourcecode.c.objc; path = HomepageView.m; sourceTree = "<group>"; };
		3D99449919E6BF31009A1A1F /* UIView+create.h */ = {isa = PBXFileReference; fileEncoding = 4; lastKnownFileType = sourcecode.c.h; path = "UIView+create.h"; sourceTree = "<group>"; };
		3D99449A19E6BF31009A1A1F /* UIView+create.m */ = {isa = PBXFileReference; fileEncoding = 4; lastKnownFileType = sourcecode.c.objc; path = "UIView+create.m"; sourceTree = "<group>"; };
		3D99449C19E6C03A009A1A1F /* UIImage+tool.h */ = {isa = PBXFileReference; fileEncoding = 4; lastKnownFileType = sourcecode.c.h; path = "UIImage+tool.h"; sourceTree = "<group>"; };
		3D99449D19E6C03A009A1A1F /* UIImage+tool.m */ = {isa = PBXFileReference; fileEncoding = 4; lastKnownFileType = sourcecode.c.objc; path = "UIImage+tool.m"; sourceTree = "<group>"; };
		3DC1C57119E645FD004F23E1 /* Beck.app */ = {isa = PBXFileReference; explicitFileType = wrapper.application; includeInIndex = 0; path = Beck.app; sourceTree = BUILT_PRODUCTS_DIR; };
		3DC1C57519E645FD004F23E1 /* Info.plist */ = {isa = PBXFileReference; lastKnownFileType = text.plist.xml; path = Info.plist; sourceTree = "<group>"; };
		3DC1C57619E645FD004F23E1 /* main.m */ = {isa = PBXFileReference; lastKnownFileType = sourcecode.c.objc; path = main.m; sourceTree = "<group>"; };
		3DC1C57819E645FD004F23E1 /* AppDelegate.h */ = {isa = PBXFileReference; lastKnownFileType = sourcecode.c.h; path = AppDelegate.h; sourceTree = "<group>"; };
		3DC1C57919E645FD004F23E1 /* AppDelegate.m */ = {isa = PBXFileReference; lastKnownFileType = sourcecode.c.objc; path = AppDelegate.m; sourceTree = "<group>"; };
		3DC1C58219E645FD004F23E1 /* Base */ = {isa = PBXFileReference; lastKnownFileType = file.storyboard; name = Base; path = Base.lproj/Main.storyboard; sourceTree = "<group>"; };
		3DC1C58D19E645FD004F23E1 /* BeckTests.xctest */ = {isa = PBXFileReference; explicitFileType = wrapper.cfbundle; includeInIndex = 0; path = BeckTests.xctest; sourceTree = BUILT_PRODUCTS_DIR; };
		3DC1C59219E645FD004F23E1 /* Info.plist */ = {isa = PBXFileReference; lastKnownFileType = text.plist.xml; path = Info.plist; sourceTree = "<group>"; };
		3DC1C59319E645FD004F23E1 /* BeckTests.m */ = {isa = PBXFileReference; lastKnownFileType = sourcecode.c.objc; path = BeckTests.m; sourceTree = "<group>"; };
/* End PBXFileReference section */

/* Begin PBXFrameworksBuildPhase section */
		3DC1C56E19E645FD004F23E1 /* Frameworks */ = {
			isa = PBXFrameworksBuildPhase;
			buildActionMask = 2147483647;
			files = (
			);
			runOnlyForDeploymentPostprocessing = 0;
		};
		3DC1C58A19E645FD004F23E1 /* Frameworks */ = {
			isa = PBXFrameworksBuildPhase;
			buildActionMask = 2147483647;
			files = (
			);
			runOnlyForDeploymentPostprocessing = 0;
		};
/* End PBXFrameworksBuildPhase section */

/* Begin PBXGroup section */
		3D99448119E6AB51009A1A1F /* Homepage */ = {
			isa = PBXGroup;
			children = (
				3D99448F19E6B54D009A1A1F /* HomepageTVC.h */,
				3D99449019E6B54D009A1A1F /* HomepageTVC.m */,
				3D99449219E6B562009A1A1F /* HomepageTableViewCell.h */,
				3D99449319E6B562009A1A1F /* HomepageTableViewCell.m */,
				3D99449519E6B68B009A1A1F /* HomepageView.h */,
				3D99449619E6B68B009A1A1F /* HomepageView.m */,
			);
			path = Homepage;
			sourceTree = "<group>";
		};
		3D99448219E6AB51009A1A1F /* MyAccount */ = {
			isa = PBXGroup;
			children = (
			);
			path = MyAccount;
			sourceTree = "<group>";
		};
		3D99449819E6BF31009A1A1F /* Base */ = {
			isa = PBXGroup;
			children = (
				3D99449C19E6C03A009A1A1F /* UIImage+tool.h */,
				3D99449D19E6C03A009A1A1F /* UIImage+tool.m */,
				3D99449919E6BF31009A1A1F /* UIView+create.h */,
				3D99449A19E6BF31009A1A1F /* UIView+create.m */,
			);
			path = Base;
			sourceTree = "<group>";
		};
		3DC1C56819E645FD004F23E1 = {
			isa = PBXGroup;
			children = (
				3DC1C57319E645FD004F23E1 /* Beck */,
				3DC1C59019E645FD004F23E1 /* BeckTests */,
				3DC1C57219E645FD004F23E1 /* Products */,
			);
			sourceTree = "<group>";
		};
		3DC1C57219E645FD004F23E1 /* Products */ = {
			isa = PBXGroup;
			children = (
				3DC1C57119E645FD004F23E1 /* Beck.app */,
				3DC1C58D19E645FD004F23E1 /* BeckTests.xctest */,
			);
			name = Products;
			sourceTree = "<group>";
		};
		3DC1C57319E645FD004F23E1 /* Beck */ = {
			isa = PBXGroup;
			children = (
				3D99449819E6BF31009A1A1F /* Base */,
				3D99448119E6AB51009A1A1F /* Homepage */,
				3D99448219E6AB51009A1A1F /* MyAccount */,
				3DC1C57819E645FD004F23E1 /* AppDelegate.h */,
				3DC1C57919E645FD004F23E1 /* AppDelegate.m */,
				3DC1C58119E645FD004F23E1 /* Main.storyboard */,
				3D99448E19E6B08C009A1A1F /* PrefixHeader.pch */,
				3D99448C19E6AD27009A1A1F /* Media.xcassets */,
				3DC1C57419E645FD004F23E1 /* Supporting Files */,
			);
			path = Beck;
			sourceTree = "<group>";
		};
		3DC1C57419E645FD004F23E1 /* Supporting Files */ = {
			isa = PBXGroup;
			children = (
				3DC1C57519E645FD004F23E1 /* Info.plist */,
				3DC1C57619E645FD004F23E1 /* main.m */,
			);
			name = "Supporting Files";
			sourceTree = "<group>";
		};
		3DC1C59019E645FD004F23E1 /* BeckTests */ = {
			isa = PBXGroup;
			children = (
				3DC1C59319E645FD004F23E1 /* BeckTests.m */,
				3DC1C59119E645FD004F23E1 /* Supporting Files */,
			);
			path = BeckTests;
			sourceTree = "<group>";
		};
		3DC1C59119E645FD004F23E1 /* Supporting Files */ = {
			isa = PBXGroup;
			children = (
				3DC1C59219E645FD004F23E1 /* Info.plist */,
			);
			name = "Supporting Files";
			sourceTree = "<group>";
		};
/* End PBXGroup section */

/* Begin PBXNativeTarget section */
		3DC1C57019E645FD004F23E1 /* Beck */ = {
			isa = PBXNativeTarget;
			buildConfigurationList = 3DC1C59719E645FD004F23E1 /* Build configuration list for PBXNativeTarget "Beck" */;
			buildPhases = (
				3DC1C56D19E645FD004F23E1 /* Sources */,
				3DC1C56E19E645FD004F23E1 /* Frameworks */,
				3DC1C56F19E645FD004F23E1 /* Resources */,
			);
			buildRules = (
			);
			dependencies = (
			);
			name = Beck;
			productName = Beck;
			productReference = 3DC1C57119E645FD004F23E1 /* Beck.app */;
			productType = "com.apple.product-type.application";
		};
		3DC1C58C19E645FD004F23E1 /* BeckTests */ = {
			isa = PBXNativeTarget;
			buildConfigurationList = 3DC1C59A19E645FD004F23E1 /* Build configuration list for PBXNativeTarget "BeckTests" */;
			buildPhases = (
				3DC1C58919E645FD004F23E1 /* Sources */,
				3DC1C58A19E645FD004F23E1 /* Frameworks */,
				3DC1C58B19E645FD004F23E1 /* Resources */,
			);
			buildRules = (
			);
			dependencies = (
				3DC1C58F19E645FD004F23E1 /* PBXTargetDependency */,
			);
			name = BeckTests;
			productName = BeckTests;
			productReference = 3DC1C58D19E645FD004F23E1 /* BeckTests.xctest */;
			productType = "com.apple.product-type.bundle.unit-test";
		};
/* End PBXNativeTarget section */

/* Begin PBXProject section */
		3DC1C56919E645FD004F23E1 /* Project object */ = {
			isa = PBXProject;
			attributes = {
				LastUpgradeCheck = 0610;
				ORGANIZATIONNAME = Aimy;
				TargetAttributes = {
					3DC1C57019E645FD004F23E1 = {
						CreatedOnToolsVersion = 6.1;
					};
					3DC1C58C19E645FD004F23E1 = {
						CreatedOnToolsVersion = 6.1;
						TestTargetID = 3DC1C57019E645FD004F23E1;
					};
				};
			};
			buildConfigurationList = 3DC1C56C19E645FD004F23E1 /* Build configuration list for PBXProject "Beck" */;
			compatibilityVersion = "Xcode 3.2";
			developmentRegion = English;
			hasScannedForEncodings = 0;
			knownRegions = (
				en,
				Base,
			);
			mainGroup = 3DC1C56819E645FD004F23E1;
			productRefGroup = 3DC1C57219E645FD004F23E1 /* Products */;
			projectDirPath = "";
			projectRoot = "";
			targets = (
				3DC1C57019E645FD004F23E1 /* Beck */,
				3DC1C58C19E645FD004F23E1 /* BeckTests */,
			);
		};
/* End PBXProject section */

/* Begin PBXResourcesBuildPhase section */
		3DC1C56F19E645FD004F23E1 /* Resources */ = {
			isa = PBXResourcesBuildPhase;
			buildActionMask = 2147483647;
			files = (
				3D99448D19E6AD27009A1A1F /* Media.xcassets in Resources */,
				3DC1C58319E645FD004F23E1 /* Main.storyboard in Resources */,
			);
			runOnlyForDeploymentPostprocessing = 0;
		};
		3DC1C58B19E645FD004F23E1 /* Resources */ = {
			isa = PBXResourcesBuildPhase;
			buildActionMask = 2147483647;
			files = (
			);
			runOnlyForDeploymentPostprocessing = 0;
		};
/* End PBXResourcesBuildPhase section */

/* Begin PBXSourcesBuildPhase section */
		3DC1C56D19E645FD004F23E1 /* Sources */ = {
			isa = PBXSourcesBuildPhase;
			buildActionMask = 2147483647;
			files = (
				3DC1C57A19E645FD004F23E1 /* AppDelegate.m in Sources */,
				3D99449119E6B54D009A1A1F /* HomepageTVC.m in Sources */,
				3DC1C57719E645FD004F23E1 /* main.m in Sources */,
				3D99449719E6B68B009A1A1F /* HomepageView.m in Sources */,
				3D99449B19E6BF31009A1A1F /* UIView+create.m in Sources */,
				3D99449E19E6C03A009A1A1F /* UIImage+tool.m in Sources */,
				3D99449419E6B562009A1A1F /* HomepageTableViewCell.m in Sources */,
			);
			runOnlyForDeploymentPostprocessing = 0;
		};
		3DC1C58919E645FD004F23E1 /* Sources */ = {
			isa = PBXSourcesBuildPhase;
			buildActionMask = 2147483647;
			files = (
				3DC1C59419E645FD004F23E1 /* BeckTests.m in Sources */,
			);
			runOnlyForDeploymentPostprocessing = 0;
		};
/* End PBXSourcesBuildPhase section */

/* Begin PBXTargetDependency section */
		3DC1C58F19E645FD004F23E1 /* PBXTargetDependency */ = {
			isa = PBXTargetDependency;
			target = 3DC1C57019E645FD004F23E1 /* Beck */;
			targetProxy = 3DC1C58E19E645FD004F23E1 /* PBXContainerItemProxy */;
		};
/* End PBXTargetDependency section */

/* Begin PBXVariantGroup section */
		3DC1C58119E645FD004F23E1 /* Main.storyboard */ = {
			isa = PBXVariantGroup;
			children = (
				3DC1C58219E645FD004F23E1 /* Base */,
			);
			name = Main.storyboard;
			sourceTree = "<group>";
		};
/* End PBXVariantGroup section */

/* Begin XCBuildConfiguration section */
		3DC1C59519E645FD004F23E1 /* Debug */ = {
			isa = XCBuildConfiguration;
			buildSettings = {
				ALWAYS_SEARCH_USER_PATHS = NO;
				CLANG_CXX_LANGUAGE_STANDARD = "gnu++0x";
				CLANG_CXX_LIBRARY = "libc++";
				CLANG_ENABLE_MODULES = YES;
				CLANG_ENABLE_OBJC_ARC = YES;
				CLANG_WARN_BOOL_CONVERSION = YES;
				CLANG_WARN_CONSTANT_CONVERSION = YES;
				CLANG_WARN_DIRECT_OBJC_ISA_USAGE = YES_ERROR;
				CLANG_WARN_EMPTY_BODY = YES;
				CLANG_WARN_ENUM_CONVERSION = YES;
				CLANG_WARN_INT_CONVERSION = YES;
				CLANG_WARN_OBJC_ROOT_CLASS = YES_ERROR;
				CLANG_WARN_UNREACHABLE_CODE = YES;
				CLANG_WARN__DUPLICATE_METHOD_MATCH = YES;
				"CODE_SIGN_IDENTITY[sdk=iphoneos*]" = "iPhone Developer";
				COPY_PHASE_STRIP = NO;
				ENABLE_STRICT_OBJC_MSGSEND = YES;
				GCC_C_LANGUAGE_STANDARD = gnu99;
				GCC_DYNAMIC_NO_PIC = NO;
				GCC_OPTIMIZATION_LEVEL = 0;
				GCC_PREPROCESSOR_DEFINITIONS = (
					"DEBUG=1",
					"$(inherited)",
				);
				GCC_SYMBOLS_PRIVATE_EXTERN = NO;
				GCC_WARN_64_TO_32_BIT_CONVERSION = YES;
				GCC_WARN_ABOUT_RETURN_TYPE = YES_ERROR;
				GCC_WARN_UNDECLARED_SELECTOR = YES;
				GCC_WARN_UNINITIALIZED_AUTOS = YES_AGGRESSIVE;
				GCC_WARN_UNUSED_FUNCTION = YES;
				GCC_WARN_UNUSED_VARIABLE = YES;
				IPHONEOS_DEPLOYMENT_TARGET = 6.0;
				MTL_ENABLE_DEBUG_INFO = YES;
				ONLY_ACTIVE_ARCH = YES;
				SDKROOT = iphoneos;
			};
			name = Debug;
		};
		3DC1C59619E645FD004F23E1 /* Release */ = {
			isa = XCBuildConfiguration;
			buildSettings = {
				ALWAYS_SEARCH_USER_PATHS = NO;
				CLANG_CXX_LANGUAGE_STANDARD = "gnu++0x";
				CLANG_CXX_LIBRARY = "libc++";
				CLANG_ENABLE_MODULES = YES;
				CLANG_ENABLE_OBJC_ARC = YES;
				CLANG_WARN_BOOL_CONVERSION = YES;
				CLANG_WARN_CONSTANT_CONVERSION = YES;
				CLANG_WARN_DIRECT_OBJC_ISA_USAGE = YES_ERROR;
				CLANG_WARN_EMPTY_BODY = YES;
				CLANG_WARN_ENUM_CONVERSION = YES;
				CLANG_WARN_INT_CONVERSION = YES;
				CLANG_WARN_OBJC_ROOT_CLASS = YES_ERROR;
				CLANG_WARN_UNREACHABLE_CODE = YES;
				CLANG_WARN__DUPLICATE_METHOD_MATCH = YES;
				"CODE_SIGN_IDENTITY[sdk=iphoneos*]" = "iPhone Developer";
				COPY_PHASE_STRIP = YES;
				ENABLE_NS_ASSERTIONS = NO;
				ENABLE_STRICT_OBJC_MSGSEND = YES;
				GCC_C_LANGUAGE_STANDARD = gnu99;
				GCC_WARN_64_TO_32_BIT_CONVERSION = YES;
				GCC_WARN_ABOUT_RETURN_TYPE = YES_ERROR;
				GCC_WARN_UNDECLARED_SELECTOR = YES;
				GCC_WARN_UNINITIALIZED_AUTOS = YES_AGGRESSIVE;
				GCC_WARN_UNUSED_FUNCTION = YES;
				GCC_WARN_UNUSED_VARIABLE = YES;
				IPHONEOS_DEPLOYMENT_TARGET = 6.0;
				MTL_ENABLE_DEBUG_INFO = NO;
				SDKROOT = iphoneos;
				VALIDATE_PRODUCT = YES;
			};
			name = Release;
		};
		3DC1C59819E645FD004F23E1 /* Debug */ = {
			isa = XCBuildConfiguration;
			buildSettings = {
				ASSETCATALOG_COMPILER_APPICON_NAME = AppIcon;
				ASSETCATALOG_COMPILER_LAUNCHIMAGE_NAME = LaunchImage;
				GCC_PRECOMPILE_PREFIX_HEADER = YES;
				GCC_PREFIX_HEADER = Beck/PrefixHeader.pch;
				INFOPLIST_FILE = Beck/Info.plist;
				IPHONEOS_DEPLOYMENT_TARGET = 6.0;
				LD_RUNPATH_SEARCH_PATHS = "$(inherited) @executable_path/Frameworks";
				PRODUCT_NAME = "$(TARGET_NAME)";
			};
			name = Debug;
		};
		3DC1C59919E645FD004F23E1 /* Release */ = {
			isa = XCBuildConfiguration;
			buildSettings = {
				ASSETCATALOG_COMPILER_APPICON_NAME = AppIcon;
				ASSETCATALOG_COMPILER_LAUNCHIMAGE_NAME = LaunchImage;
				GCC_PRECOMPILE_PREFIX_HEADER = YES;
				GCC_PREFIX_HEADER = Beck/PrefixHeader.pch;
				INFOPLIST_FILE = Beck/Info.plist;
				IPHONEOS_DEPLOYMENT_TARGET = 6.0;
				LD_RUNPATH_SEARCH_PATHS = "$(inherited) @executable_path/Frameworks";
				PRODUCT_NAME = "$(TARGET_NAME)";
			};
			name = Release;
		};
		3DC1C59B19E645FD004F23E1 /* Debug */ = {
			isa = XCBuildConfiguration;
			buildSettings = {
				BUNDLE_LOADER = "$(TEST_HOST)";
				FRAMEWORK_SEARCH_PATHS = (
					"$(SDKROOT)/Developer/Library/Frameworks",
					"$(inherited)",
				);
				GCC_PREPROCESSOR_DEFINITIONS = (
					"DEBUG=1",
					"$(inherited)",
				);
				INFOPLIST_FILE = BeckTests/Info.plist;
				LD_RUNPATH_SEARCH_PATHS = "$(inherited) @executable_path/Frameworks @loader_path/Frameworks";
				PRODUCT_NAME = "$(TARGET_NAME)";
				TEST_HOST = "$(BUILT_PRODUCTS_DIR)/Beck.app/Beck";
			};
			name = Debug;
		};
		3DC1C59C19E645FD004F23E1 /* Release */ = {
			isa = XCBuildConfiguration;
			buildSettings = {
				BUNDLE_LOADER = "$(TEST_HOST)";
				FRAMEWORK_SEARCH_PATHS = (
					"$(SDKROOT)/Developer/Library/Frameworks",
					"$(inherited)",
				);
				INFOPLIST_FILE = BeckTests/Info.plist;
				LD_RUNPATH_SEARCH_PATHS = "$(inherited) @executable_path/Frameworks @loader_path/Frameworks";
				PRODUCT_NAME = "$(TARGET_NAME)";
				TEST_HOST = "$(BUILT_PRODUCTS_DIR)/Beck.app/Beck";
			};
			name = Release;
		};
/* End XCBuildConfiguration section */

/* Begin XCConfigurationList section */
		3DC1C56C19E645FD004F23E1 /* Build configuration list for PBXProject "Beck" */ = {
			isa = XCConfigurationList;
			buildConfigurations = (
				3DC1C59519E645FD004F23E1 /* Debug */,
				3DC1C59619E645FD004F23E1 /* Release */,
			);
			defaultConfigurationIsVisible = 0;
			defaultConfigurationName = Release;
		};
		3DC1C59719E645FD004F23E1 /* Build configuration list for PBXNativeTarget "Beck" */ = {
			isa = XCConfigurationList;
			buildConfigurations = (
				3DC1C59819E645FD004F23E1 /* Debug */,
				3DC1C59919E645FD004F23E1 /* Release */,
			);
			defaultConfigurationIsVisible = 0;
			defaultConfigurationName = Release;
		};
		3DC1C59A19E645FD004F23E1 /* Build configuration list for PBXNativeTarget "BeckTests" */ = {
			isa = XCConfigurationList;
			buildConfigurations = (
				3DC1C59B19E645FD004F23E1 /* Debug */,
				3DC1C59C19E645FD004F23E1 /* Release */,
			);
			defaultConfigurationIsVisible = 0;
			defaultConfigurationName = Release;
		};
/* End XCConfigurationList section */
	};
	rootObject = 3DC1C56919E645FD004F23E1 /* Project object */;
}
