// !$*UTF8*$!
{
	archiveVersion = 1;
	classes = {
	};
	objectVersion = 46;
	objects = {

/* Begin PBXBuildFile section */
		3D0BED8919EA2AF300B794B5 /* AnswerCVC.m in Sources */ = {isa = PBXBuildFile; fileRef = 3D0BED8819EA2AF300B794B5 /* AnswerCVC.m */; };
		3D0BEDC119EA443700B794B5 /* BeckTBC.m in Sources */ = {isa = PBXBuildFile; fileRef = 3D0BEDC019EA443700B794B5 /* BeckTBC.m */; };
		3D2521B919F526AE00FC72A7 /* BeckTVC.m in Sources */ = {isa = PBXBuildFile; fileRef = 3D2521B819F526AE00FC72A7 /* BeckTVC.m */; };
		3D2521BC19F526C500FC72A7 /* BeckVC.m in Sources */ = {isa = PBXBuildFile; fileRef = 3D2521BB19F526C500FC72A7 /* BeckVC.m */; };
		3D2521C319F52A6F00FC72A7 /* ExamModeVC.m in Sources */ = {isa = PBXBuildFile; fileRef = 3D2521C019F52A6F00FC72A7 /* ExamModeVC.m */; };
		3D2521C419F52A6F00FC72A7 /* ExamRoomSimulateTVC.m in Sources */ = {isa = PBXBuildFile; fileRef = 3D2521C219F52A6F00FC72A7 /* ExamRoomSimulateTVC.m */; };
		3D2521C719F52B3B00FC72A7 /* ExamHomeTVC.m in Sources */ = {isa = PBXBuildFile; fileRef = 3D2521C619F52B3B00FC72A7 /* ExamHomeTVC.m */; };
		3D2521CA19F52FCD00FC72A7 /* SimulationExamTVC.m in Sources */ = {isa = PBXBuildFile; fileRef = 3D2521C919F52FCD00FC72A7 /* SimulationExamTVC.m */; };
		3D2521CD19F533D900FC72A7 /* PayTVC.m in Sources */ = {isa = PBXBuildFile; fileRef = 3D2521CC19F533D900FC72A7 /* PayTVC.m */; };
		3D2521D019F533FA00FC72A7 /* IntegrationTVC.m in Sources */ = {isa = PBXBuildFile; fileRef = 3D2521CF19F533FA00FC72A7 /* IntegrationTVC.m */; };
		3D2521D319F5340800FC72A7 /* AlipayTVC.m in Sources */ = {isa = PBXBuildFile; fileRef = 3D2521D219F5340800FC72A7 /* AlipayTVC.m */; };
		3D2521D619F53A4800FC72A7 /* PractiseHomeTVC.m in Sources */ = {isa = PBXBuildFile; fileRef = 3D2521D519F53A4800FC72A7 /* PractiseHomeTVC.m */; };
		3D2521DD19F53B4F00FC72A7 /* ChooseQuestionBankTVC.m in Sources */ = {isa = PBXBuildFile; fileRef = 3D2521D819F53B4F00FC72A7 /* ChooseQuestionBankTVC.m */; };
		3D2521DE19F53B4F00FC72A7 /* ChooseSectionTVC.m in Sources */ = {isa = PBXBuildFile; fileRef = 3D2521DA19F53B4F00FC72A7 /* ChooseSectionTVC.m */; };
		3D2521DF19F53B4F00FC72A7 /* PracticeModeVC.m in Sources */ = {isa = PBXBuildFile; fileRef = 3D2521DC19F53B4F00FC72A7 /* PracticeModeVC.m */; };
		3D2521E219F53C9100FC72A7 /* MyAccountHomeTVC.m in Sources */ = {isa = PBXBuildFile; fileRef = 3D2521E119F53C9100FC72A7 /* MyAccountHomeTVC.m */; };
		3D2521E519F53F8300FC72A7 /* StatisticTVC.m in Sources */ = {isa = PBXBuildFile; fileRef = 3D2521E419F53F8300FC72A7 /* StatisticTVC.m */; };
		3D2521E919F5418C00FC72A7 /* MoreHomeTVC.m in Sources */ = {isa = PBXBuildFile; fileRef = 3D2521E819F5418C00FC72A7 /* MoreHomeTVC.m */; };
		3D2521F119F543CB00FC72A7 /* TestingCentreCategoryTVC.m in Sources */ = {isa = PBXBuildFile; fileRef = 3D2521EC19F543CB00FC72A7 /* TestingCentreCategoryTVC.m */; };
		3D2521F219F543CB00FC72A7 /* TestingCentreDetailVC.m in Sources */ = {isa = PBXBuildFile; fileRef = 3D2521EE19F543CB00FC72A7 /* TestingCentreDetailVC.m */; };
		3D2521F319F543CB00FC72A7 /* TestingCentreTVC.m in Sources */ = {isa = PBXBuildFile; fileRef = 3D2521F019F543CB00FC72A7 /* TestingCentreTVC.m */; };
		3D25220319F5441C00FC72A7 /* ErrorItemsCategoryTVC.m in Sources */ = {isa = PBXBuildFile; fileRef = 3D2521F619F5441C00FC72A7 /* ErrorItemsCategoryTVC.m */; };
		3D25220419F5441C00FC72A7 /* ErrorItemsTVC.m in Sources */ = {isa = PBXBuildFile; fileRef = 3D2521F819F5441C00FC72A7 /* ErrorItemsTVC.m */; };
		3D25220519F5441C00FC72A7 /* FavorateItemsCategoryTVC.m in Sources */ = {isa = PBXBuildFile; fileRef = 3D2521FB19F5441C00FC72A7 /* FavorateItemsCategoryTVC.m */; };
		3D25220619F5441C00FC72A7 /* FavorateItemsTVC.m in Sources */ = {isa = PBXBuildFile; fileRef = 3D2521FD19F5441C00FC72A7 /* FavorateItemsTVC.m */; };
		3D25220719F5441C00FC72A7 /* NotesCategoryTVC.m in Sources */ = {isa = PBXBuildFile; fileRef = 3D25220019F5441C00FC72A7 /* NotesCategoryTVC.m */; };
		3D25220819F5441C00FC72A7 /* NotesTVC.m in Sources */ = {isa = PBXBuildFile; fileRef = 3D25220219F5441C00FC72A7 /* NotesTVC.m */; };
		3D25220B19F5455100FC72A7 /* ChooseExamTVC.m in Sources */ = {isa = PBXBuildFile; fileRef = 3D25220A19F5455100FC72A7 /* ChooseExamTVC.m */; };
		3D34BDA419EA177F002A0D3F /* ItemTVC.m in Sources */ = {isa = PBXBuildFile; fileRef = 3D34BDA319EA177F002A0D3F /* ItemTVC.m */; };
		3D3835D619F678B3006C9DB0 /* FindPasswordVC.m in Sources */ = {isa = PBXBuildFile; fileRef = 3D3835D519F678B3006C9DB0 /* FindPasswordVC.m */; };
		3D3835D919F678BF006C9DB0 /* RegisterVC.m in Sources */ = {isa = PBXBuildFile; fileRef = 3D3835D819F678BF006C9DB0 /* RegisterVC.m */; };
		3D3835DC19F678D7006C9DB0 /* EnterCodeVC.m in Sources */ = {isa = PBXBuildFile; fileRef = 3D3835DB19F678D7006C9DB0 /* EnterCodeVC.m */; };
		3D3835DF19F678E8006C9DB0 /* EnterPasswordVC.m in Sources */ = {isa = PBXBuildFile; fileRef = 3D3835DE19F678E8006C9DB0 /* EnterPasswordVC.m */; };
		3D3835E319F69AA1006C9DB0 /* BeckTools.m in Sources */ = {isa = PBXBuildFile; fileRef = 3D3835E219F69AA1006C9DB0 /* BeckTools.m */; };
		3D38363B19F6A22B006C9DB0 /* Rong_IMKit_v1_1_0.a in Frameworks */ = {isa = PBXBuildFile; fileRef = 3D38363919F6A22B006C9DB0 /* Rong_IMKit_v1_1_0.a */; };
		3D38363C19F6A22B006C9DB0 /* RongCloud.bundle in Resources */ = {isa = PBXBuildFile; fileRef = 3D38363A19F6A22B006C9DB0 /* RongCloud.bundle */; };
		3D389D9319EC06EE00BDDAAD /* ExamResultCell.m in Sources */ = {isa = PBXBuildFile; fileRef = 3D389D9219EC06EE00BDDAAD /* ExamResultCell.m */; };
		3D99448D19E6AD27009A1A1F /* Media.xcassets in Resources */ = {isa = PBXBuildFile; fileRef = 3D99448C19E6AD27009A1A1F /* Media.xcassets */; };
		3D99449119E6B54D009A1A1F /* HomepageTVC.m in Sources */ = {isa = PBXBuildFile; fileRef = 3D99449019E6B54D009A1A1F /* HomepageTVC.m */; };
		3D99449419E6B562009A1A1F /* HomepageTableViewCell.m in Sources */ = {isa = PBXBuildFile; fileRef = 3D99449319E6B562009A1A1F /* HomepageTableViewCell.m */; };
		3D99449719E6B68B009A1A1F /* HomepageView.m in Sources */ = {isa = PBXBuildFile; fileRef = 3D99449619E6B68B009A1A1F /* HomepageView.m */; };
		3D99449B19E6BF31009A1A1F /* UIView+create.m in Sources */ = {isa = PBXBuildFile; fileRef = 3D99449A19E6BF31009A1A1F /* UIView+create.m */; };
		3D99449E19E6C03A009A1A1F /* UIImage+tool.m in Sources */ = {isa = PBXBuildFile; fileRef = 3D99449D19E6C03A009A1A1F /* UIImage+tool.m */; };
		3D9944A119E6C29E009A1A1F /* OTSBorder.m in Sources */ = {isa = PBXBuildFile; fileRef = 3D9944A019E6C29E009A1A1F /* OTSBorder.m */; };
		3D9944B019E6CF74009A1A1F /* SettingTVC.m in Sources */ = {isa = PBXBuildFile; fileRef = 3D9944AC19E6CF74009A1A1F /* SettingTVC.m */; };
		3DC1C57719E645FD004F23E1 /* main.m in Sources */ = {isa = PBXBuildFile; fileRef = 3DC1C57619E645FD004F23E1 /* main.m */; };
		3DC1C57A19E645FD004F23E1 /* AppDelegate.m in Sources */ = {isa = PBXBuildFile; fileRef = 3DC1C57919E645FD004F23E1 /* AppDelegate.m */; };
		3DC1C58319E645FD004F23E1 /* Main.storyboard in Resources */ = {isa = PBXBuildFile; fileRef = 3DC1C58119E645FD004F23E1 /* Main.storyboard */; };
		3DC1C59419E645FD004F23E1 /* BeckTests.m in Sources */ = {isa = PBXBuildFile; fileRef = 3DC1C59319E645FD004F23E1 /* BeckTests.m */; };
		3DC36E5919EAB82F00B7B5FF /* AudioToolbox.framework in Frameworks */ = {isa = PBXBuildFile; fileRef = 3DC36E5819EAB82F00B7B5FF /* AudioToolbox.framework */; };
		3DC36E5B19EAB83600B7B5FF /* AVFoundation.framework in Frameworks */ = {isa = PBXBuildFile; fileRef = 3DC36E5A19EAB83600B7B5FF /* AVFoundation.framework */; };
		3DC36E5D19EAB83C00B7B5FF /* CFNetwork.framework in Frameworks */ = {isa = PBXBuildFile; fileRef = 3DC36E5C19EAB83C00B7B5FF /* CFNetwork.framework */; };
		3DC36E5F19EAB84600B7B5FF /* CoreAudio.framework in Frameworks */ = {isa = PBXBuildFile; fileRef = 3DC36E5E19EAB84600B7B5FF /* CoreAudio.framework */; };
		3DC36E6119EAB84C00B7B5FF /* CoreGraphics.framework in Frameworks */ = {isa = PBXBuildFile; fileRef = 3DC36E6019EAB84C00B7B5FF /* CoreGraphics.framework */; };
		3DC36E6319EAB85300B7B5FF /* CoreImage.framework in Frameworks */ = {isa = PBXBuildFile; fileRef = 3DC36E6219EAB85300B7B5FF /* CoreImage.framework */; };
		3DC36E6519EAB85A00B7B5FF /* CoreMedia.framework in Frameworks */ = {isa = PBXBuildFile; fileRef = 3DC36E6419EAB85A00B7B5FF /* CoreMedia.framework */; };
		3DC36E6719EAB86000B7B5FF /* CoreVideo.framework in Frameworks */ = {isa = PBXBuildFile; fileRef = 3DC36E6619EAB86000B7B5FF /* CoreVideo.framework */; };
		3DC36E6919EAB86800B7B5FF /* Foundation.framework in Frameworks */ = {isa = PBXBuildFile; fileRef = 3DC36E6819EAB86800B7B5FF /* Foundation.framework */; };
		3DC36E6B19EAB87100B7B5FF /* libc++.dylib in Frameworks */ = {isa = PBXBuildFile; fileRef = 3DC36E6A19EAB87100B7B5FF /* libc++.dylib */; };
		3DC36E6D19EAB87A00B7B5FF /* libsqlite3.dylib in Frameworks */ = {isa = PBXBuildFile; fileRef = 3DC36E6C19EAB87A00B7B5FF /* libsqlite3.dylib */; };
		3DC36E6F19EAB88500B7B5FF /* libstdc++.dylib in Frameworks */ = {isa = PBXBuildFile; fileRef = 3DC36E6E19EAB88500B7B5FF /* libstdc++.dylib */; };
		3DC36E7119EAB89000B7B5FF /* libz.1.dylib in Frameworks */ = {isa = PBXBuildFile; fileRef = 3DC36E7019EAB89000B7B5FF /* libz.1.dylib */; };
		3DC36E7319EAB89700B7B5FF /* OpenGLES.framework in Frameworks */ = {isa = PBXBuildFile; fileRef = 3DC36E7219EAB89700B7B5FF /* OpenGLES.framework */; };
		3DC36E7519EAB89D00B7B5FF /* QuartzCore.framework in Frameworks */ = {isa = PBXBuildFile; fileRef = 3DC36E7419EAB89D00B7B5FF /* QuartzCore.framework */; };
		3DC36E7719EAB8A600B7B5FF /* SystemConfiguration.framework in Frameworks */ = {isa = PBXBuildFile; fileRef = 3DC36E7619EAB8A600B7B5FF /* SystemConfiguration.framework */; };
		3DC36E7919EAB8AB00B7B5FF /* UIKit.framework in Frameworks */ = {isa = PBXBuildFile; fileRef = 3DC36E7819EAB8AB00B7B5FF /* UIKit.framework */; };
		3DC68AB519F54820003DB313 /* PersionalFileTVC.m in Sources */ = {isa = PBXBuildFile; fileRef = 3DC68AB419F54820003DB313 /* PersionalFileTVC.m */; };
		3DC68ABC19F54A6A003DB313 /* BeckLoginVC.m in Sources */ = {isa = PBXBuildFile; fileRef = 3DC68ABB19F54A6A003DB313 /* BeckLoginVC.m */; };
		3DD856CD19E80ADA00A17F41 /* AutoItemsVC.m in Sources */ = {isa = PBXBuildFile; fileRef = 3DD856CC19E80ADA00A17F41 /* AutoItemsVC.m */; };
		3DD856D019E80DCD00A17F41 /* NewsTVC.m in Sources */ = {isa = PBXBuildFile; fileRef = 3DD856CF19E80DCD00A17F41 /* NewsTVC.m */; };
		3DD856D319E80EAC00A17F41 /* NewsCategoryTVC.m in Sources */ = {isa = PBXBuildFile; fileRef = 3DD856D219E80EAC00A17F41 /* NewsCategoryTVC.m */; };
		3DD856DF19E8148C00A17F41 /* HistoryTVC.m in Sources */ = {isa = PBXBuildFile; fileRef = 3DD856DE19E8148C00A17F41 /* HistoryTVC.m */; };
		3DD856E219E817F800A17F41 /* ExchangeTVC.m in Sources */ = {isa = PBXBuildFile; fileRef = 3DD856E119E817F800A17F41 /* ExchangeTVC.m */; };
		3DF5B86219E8E5E10050165F /* Beck.xcdatamodeld in Sources */ = {isa = PBXBuildFile; fileRef = 3DF5B86019E8E5E10050165F /* Beck.xcdatamodeld */; };
		3DF5B86619E8E6530050165F /* Item.m in Sources */ = {isa = PBXBuildFile; fileRef = 3DF5B86519E8E6530050165F /* Item.m */; };
		8FBB980D12324F68B9B0059F /* libPods.a in Frameworks */ = {isa = PBXBuildFile; fileRef = 457D5D4D704E4BA88EBD7F48 /* libPods.a */; };
/* End PBXBuildFile section */

/* Begin PBXContainerItemProxy section */
		3DC1C58E19E645FD004F23E1 /* PBXContainerItemProxy */ = {
			isa = PBXContainerItemProxy;
			containerPortal = 3DC1C56919E645FD004F23E1 /* Project object */;
			proxyType = 1;
			remoteGlobalIDString = 3DC1C57019E645FD004F23E1;
			remoteInfo = Beck;
		};
/* End PBXContainerItemProxy section */

/* Begin PBXFileReference section */
		3D0BED8719EA2AF300B794B5 /* AnswerCVC.h */ = {isa = PBXFileReference; fileEncoding = 4; lastKnownFileType = sourcecode.c.h; path = AnswerCVC.h; sourceTree = "<group>"; };
		3D0BED8819EA2AF300B794B5 /* AnswerCVC.m */ = {isa = PBXFileReference; fileEncoding = 4; lastKnownFileType = sourcecode.c.objc; path = AnswerCVC.m; sourceTree = "<group>"; };
		3D0BEDBF19EA443700B794B5 /* BeckTBC.h */ = {isa = PBXFileReference; fileEncoding = 4; lastKnownFileType = sourcecode.c.h; path = BeckTBC.h; sourceTree = "<group>"; };
		3D0BEDC019EA443700B794B5 /* BeckTBC.m */ = {isa = PBXFileReference; fileEncoding = 4; lastKnownFileType = sourcecode.c.objc; path = BeckTBC.m; sourceTree = "<group>"; };
		3D2521B719F526AE00FC72A7 /* BeckTVC.h */ = {isa = PBXFileReference; fileEncoding = 4; lastKnownFileType = sourcecode.c.h; path = BeckTVC.h; sourceTree = "<group>"; };
		3D2521B819F526AE00FC72A7 /* BeckTVC.m */ = {isa = PBXFileReference; fileEncoding = 4; lastKnownFileType = sourcecode.c.objc; path = BeckTVC.m; sourceTree = "<group>"; };
		3D2521BA19F526C500FC72A7 /* BeckVC.h */ = {isa = PBXFileReference; fileEncoding = 4; lastKnownFileType = sourcecode.c.h; path = BeckVC.h; sourceTree = "<group>"; };
		3D2521BB19F526C500FC72A7 /* BeckVC.m */ = {isa = PBXFileReference; fileEncoding = 4; lastKnownFileType = sourcecode.c.objc; path = BeckVC.m; sourceTree = "<group>"; };
		3D2521BF19F52A6F00FC72A7 /* ExamModeVC.h */ = {isa = PBXFileReference; fileEncoding = 4; lastKnownFileType = sourcecode.c.h; path = ExamModeVC.h; sourceTree = "<group>"; };
		3D2521C019F52A6F00FC72A7 /* ExamModeVC.m */ = {isa = PBXFileReference; fileEncoding = 4; lastKnownFileType = sourcecode.c.objc; path = ExamModeVC.m; sourceTree = "<group>"; };
		3D2521C119F52A6F00FC72A7 /* ExamRoomSimulateTVC.h */ = {isa = PBXFileReference; fileEncoding = 4; lastKnownFileType = sourcecode.c.h; path = ExamRoomSimulateTVC.h; sourceTree = "<group>"; };
		3D2521C219F52A6F00FC72A7 /* ExamRoomSimulateTVC.m */ = {isa = PBXFileReference; fileEncoding = 4; lastKnownFileType = sourcecode.c.objc; path = ExamRoomSimulateTVC.m; sourceTree = "<group>"; };
		3D2521C519F52B3B00FC72A7 /* ExamHomeTVC.h */ = {isa = PBXFileReference; fileEncoding = 4; lastKnownFileType = sourcecode.c.h; path = ExamHomeTVC.h; sourceTree = "<group>"; };
		3D2521C619F52B3B00FC72A7 /* ExamHomeTVC.m */ = {isa = PBXFileReference; fileEncoding = 4; lastKnownFileType = sourcecode.c.objc; path = ExamHomeTVC.m; sourceTree = "<group>"; };
		3D2521C819F52FCD00FC72A7 /* SimulationExamTVC.h */ = {isa = PBXFileReference; fileEncoding = 4; lastKnownFileType = sourcecode.c.h; path = SimulationExamTVC.h; sourceTree = "<group>"; };
		3D2521C919F52FCD00FC72A7 /* SimulationExamTVC.m */ = {isa = PBXFileReference; fileEncoding = 4; lastKnownFileType = sourcecode.c.objc; path = SimulationExamTVC.m; sourceTree = "<group>"; };
		3D2521CB19F533D900FC72A7 /* PayTVC.h */ = {isa = PBXFileReference; fileEncoding = 4; lastKnownFileType = sourcecode.c.h; path = PayTVC.h; sourceTree = "<group>"; };
		3D2521CC19F533D900FC72A7 /* PayTVC.m */ = {isa = PBXFileReference; fileEncoding = 4; lastKnownFileType = sourcecode.c.objc; path = PayTVC.m; sourceTree = "<group>"; };
		3D2521CE19F533FA00FC72A7 /* IntegrationTVC.h */ = {isa = PBXFileReference; fileEncoding = 4; lastKnownFileType = sourcecode.c.h; path = IntegrationTVC.h; sourceTree = "<group>"; };
		3D2521CF19F533FA00FC72A7 /* IntegrationTVC.m */ = {isa = PBXFileReference; fileEncoding = 4; lastKnownFileType = sourcecode.c.objc; path = IntegrationTVC.m; sourceTree = "<group>"; };
		3D2521D119F5340800FC72A7 /* AlipayTVC.h */ = {isa = PBXFileReference; fileEncoding = 4; lastKnownFileType = sourcecode.c.h; path = AlipayTVC.h; sourceTree = "<group>"; };
		3D2521D219F5340800FC72A7 /* AlipayTVC.m */ = {isa = PBXFileReference; fileEncoding = 4; lastKnownFileType = sourcecode.c.objc; path = AlipayTVC.m; sourceTree = "<group>"; };
		3D2521D419F53A4800FC72A7 /* PractiseHomeTVC.h */ = {isa = PBXFileReference; fileEncoding = 4; lastKnownFileType = sourcecode.c.h; path = PractiseHomeTVC.h; sourceTree = "<group>"; };
		3D2521D519F53A4800FC72A7 /* PractiseHomeTVC.m */ = {isa = PBXFileReference; fileEncoding = 4; lastKnownFileType = sourcecode.c.objc; path = PractiseHomeTVC.m; sourceTree = "<group>"; };
		3D2521D719F53B4F00FC72A7 /* ChooseQuestionBankTVC.h */ = {isa = PBXFileReference; fileEncoding = 4; lastKnownFileType = sourcecode.c.h; path = ChooseQuestionBankTVC.h; sourceTree = "<group>"; };
		3D2521D819F53B4F00FC72A7 /* ChooseQuestionBankTVC.m */ = {isa = PBXFileReference; fileEncoding = 4; lastKnownFileType = sourcecode.c.objc; path = ChooseQuestionBankTVC.m; sourceTree = "<group>"; };
		3D2521D919F53B4F00FC72A7 /* ChooseSectionTVC.h */ = {isa = PBXFileReference; fileEncoding = 4; lastKnownFileType = sourcecode.c.h; path = ChooseSectionTVC.h; sourceTree = "<group>"; };
		3D2521DA19F53B4F00FC72A7 /* ChooseSectionTVC.m */ = {isa = PBXFileReference; fileEncoding = 4; lastKnownFileType = sourcecode.c.objc; path = ChooseSectionTVC.m; sourceTree = "<group>"; };
		3D2521DB19F53B4F00FC72A7 /* PracticeModeVC.h */ = {isa = PBXFileReference; fileEncoding = 4; lastKnownFileType = sourcecode.c.h; path = PracticeModeVC.h; sourceTree = "<group>"; };
		3D2521DC19F53B4F00FC72A7 /* PracticeModeVC.m */ = {isa = PBXFileReference; fileEncoding = 4; lastKnownFileType = sourcecode.c.objc; path = PracticeModeVC.m; sourceTree = "<group>"; };
		3D2521E019F53C9100FC72A7 /* MyAccountHomeTVC.h */ = {isa = PBXFileReference; fileEncoding = 4; lastKnownFileType = sourcecode.c.h; path = MyAccountHomeTVC.h; sourceTree = "<group>"; };
		3D2521E119F53C9100FC72A7 /* MyAccountHomeTVC.m */ = {isa = PBXFileReference; fileEncoding = 4; lastKnownFileType = sourcecode.c.objc; path = MyAccountHomeTVC.m; sourceTree = "<group>"; };
		3D2521E319F53F8300FC72A7 /* StatisticTVC.h */ = {isa = PBXFileReference; fileEncoding = 4; lastKnownFileType = sourcecode.c.h; path = StatisticTVC.h; sourceTree = "<group>"; };
		3D2521E419F53F8300FC72A7 /* StatisticTVC.m */ = {isa = PBXFileReference; fileEncoding = 4; lastKnownFileType = sourcecode.c.objc; path = StatisticTVC.m; sourceTree = "<group>"; };
		3D2521E719F5418C00FC72A7 /* MoreHomeTVC.h */ = {isa = PBXFileReference; fileEncoding = 4; lastKnownFileType = sourcecode.c.h; path = MoreHomeTVC.h; sourceTree = "<group>"; };
		3D2521E819F5418C00FC72A7 /* MoreHomeTVC.m */ = {isa = PBXFileReference; fileEncoding = 4; lastKnownFileType = sourcecode.c.objc; path = MoreHomeTVC.m; sourceTree = "<group>"; };
		3D2521EB19F543CB00FC72A7 /* TestingCentreCategoryTVC.h */ = {isa = PBXFileReference; fileEncoding = 4; lastKnownFileType = sourcecode.c.h; path = TestingCentreCategoryTVC.h; sourceTree = "<group>"; };
		3D2521EC19F543CB00FC72A7 /* TestingCentreCategoryTVC.m */ = {isa = PBXFileReference; fileEncoding = 4; lastKnownFileType = sourcecode.c.objc; path = TestingCentreCategoryTVC.m; sourceTree = "<group>"; };
		3D2521ED19F543CB00FC72A7 /* TestingCentreDetailVC.h */ = {isa = PBXFileReference; fileEncoding = 4; lastKnownFileType = sourcecode.c.h; path = TestingCentreDetailVC.h; sourceTree = "<group>"; };
		3D2521EE19F543CB00FC72A7 /* TestingCentreDetailVC.m */ = {isa = PBXFileReference; fileEncoding = 4; lastKnownFileType = sourcecode.c.objc; path = TestingCentreDetailVC.m; sourceTree = "<group>"; };
		3D2521EF19F543CB00FC72A7 /* TestingCentreTVC.h */ = {isa = PBXFileReference; fileEncoding = 4; lastKnownFileType = sourcecode.c.h; path = TestingCentreTVC.h; sourceTree = "<group>"; };
		3D2521F019F543CB00FC72A7 /* TestingCentreTVC.m */ = {isa = PBXFileReference; fileEncoding = 4; lastKnownFileType = sourcecode.c.objc; path = TestingCentreTVC.m; sourceTree = "<group>"; };
		3D2521F519F5441C00FC72A7 /* ErrorItemsCategoryTVC.h */ = {isa = PBXFileReference; fileEncoding = 4; lastKnownFileType = sourcecode.c.h; path = ErrorItemsCategoryTVC.h; sourceTree = "<group>"; };
		3D2521F619F5441C00FC72A7 /* ErrorItemsCategoryTVC.m */ = {isa = PBXFileReference; fileEncoding = 4; lastKnownFileType = sourcecode.c.objc; path = ErrorItemsCategoryTVC.m; sourceTree = "<group>"; };
		3D2521F719F5441C00FC72A7 /* ErrorItemsTVC.h */ = {isa = PBXFileReference; fileEncoding = 4; lastKnownFileType = sourcecode.c.h; path = ErrorItemsTVC.h; sourceTree = "<group>"; };
		3D2521F819F5441C00FC72A7 /* ErrorItemsTVC.m */ = {isa = PBXFileReference; fileEncoding = 4; lastKnownFileType = sourcecode.c.objc; path = ErrorItemsTVC.m; sourceTree = "<group>"; };
		3D2521FA19F5441C00FC72A7 /* FavorateItemsCategoryTVC.h */ = {isa = PBXFileReference; fileEncoding = 4; lastKnownFileType = sourcecode.c.h; path = FavorateItemsCategoryTVC.h; sourceTree = "<group>"; };
		3D2521FB19F5441C00FC72A7 /* FavorateItemsCategoryTVC.m */ = {isa = PBXFileReference; fileEncoding = 4; lastKnownFileType = sourcecode.c.objc; path = FavorateItemsCategoryTVC.m; sourceTree = "<group>"; };
		3D2521FC19F5441C00FC72A7 /* FavorateItemsTVC.h */ = {isa = PBXFileReference; fileEncoding = 4; lastKnownFileType = sourcecode.c.h; path = FavorateItemsTVC.h; sourceTree = "<group>"; };
		3D2521FD19F5441C00FC72A7 /* FavorateItemsTVC.m */ = {isa = PBXFileReference; fileEncoding = 4; lastKnownFileType = sourcecode.c.objc; path = FavorateItemsTVC.m; sourceTree = "<group>"; };
		3D2521FF19F5441C00FC72A7 /* NotesCategoryTVC.h */ = {isa = PBXFileReference; fileEncoding = 4; lastKnownFileType = sourcecode.c.h; path = NotesCategoryTVC.h; sourceTree = "<group>"; };
		3D25220019F5441C00FC72A7 /* NotesCategoryTVC.m */ = {isa = PBXFileReference; fileEncoding = 4; lastKnownFileType = sourcecode.c.objc; path = NotesCategoryTVC.m; sourceTree = "<group>"; };
		3D25220119F5441C00FC72A7 /* NotesTVC.h */ = {isa = PBXFileReference; fileEncoding = 4; lastKnownFileType = sourcecode.c.h; path = NotesTVC.h; sourceTree = "<group>"; };
		3D25220219F5441C00FC72A7 /* NotesTVC.m */ = {isa = PBXFileReference; fileEncoding = 4; lastKnownFileType = sourcecode.c.objc; path = NotesTVC.m; sourceTree = "<group>"; };
		3D25220919F5455100FC72A7 /* ChooseExamTVC.h */ = {isa = PBXFileReference; fileEncoding = 4; lastKnownFileType = sourcecode.c.h; path = ChooseExamTVC.h; sourceTree = "<group>"; };
		3D25220A19F5455100FC72A7 /* ChooseExamTVC.m */ = {isa = PBXFileReference; fileEncoding = 4; lastKnownFileType = sourcecode.c.objc; path = ChooseExamTVC.m; sourceTree = "<group>"; };
		3D34BDA219EA177F002A0D3F /* ItemTVC.h */ = {isa = PBXFileReference; fileEncoding = 4; lastKnownFileType = sourcecode.c.h; path = ItemTVC.h; sourceTree = "<group>"; };
		3D34BDA319EA177F002A0D3F /* ItemTVC.m */ = {isa = PBXFileReference; fileEncoding = 4; lastKnownFileType = sourcecode.c.objc; path = ItemTVC.m; sourceTree = "<group>"; };
		3D3835D419F678B3006C9DB0 /* FindPasswordVC.h */ = {isa = PBXFileReference; fileEncoding = 4; lastKnownFileType = sourcecode.c.h; path = FindPasswordVC.h; sourceTree = "<group>"; };
		3D3835D519F678B3006C9DB0 /* FindPasswordVC.m */ = {isa = PBXFileReference; fileEncoding = 4; lastKnownFileType = sourcecode.c.objc; path = FindPasswordVC.m; sourceTree = "<group>"; };
		3D3835D719F678BF006C9DB0 /* RegisterVC.h */ = {isa = PBXFileReference; fileEncoding = 4; lastKnownFileType = sourcecode.c.h; path = RegisterVC.h; sourceTree = "<group>"; };
		3D3835D819F678BF006C9DB0 /* RegisterVC.m */ = {isa = PBXFileReference; fileEncoding = 4; lastKnownFileType = sourcecode.c.objc; path = RegisterVC.m; sourceTree = "<group>"; };
		3D3835DA19F678D7006C9DB0 /* EnterCodeVC.h */ = {isa = PBXFileReference; fileEncoding = 4; lastKnownFileType = sourcecode.c.h; path = EnterCodeVC.h; sourceTree = "<group>"; };
		3D3835DB19F678D7006C9DB0 /* EnterCodeVC.m */ = {isa = PBXFileReference; fileEncoding = 4; lastKnownFileType = sourcecode.c.objc; path = EnterCodeVC.m; sourceTree = "<group>"; };
		3D3835DD19F678E8006C9DB0 /* EnterPasswordVC.h */ = {isa = PBXFileReference; fileEncoding = 4; lastKnownFileType = sourcecode.c.h; path = EnterPasswordVC.h; sourceTree = "<group>"; };
		3D3835DE19F678E8006C9DB0 /* EnterPasswordVC.m */ = {isa = PBXFileReference; fileEncoding = 4; lastKnownFileType = sourcecode.c.objc; path = EnterPasswordVC.m; sourceTree = "<group>"; };
		3D3835E119F69AA1006C9DB0 /* BeckTools.h */ = {isa = PBXFileReference; fileEncoding = 4; lastKnownFileType = sourcecode.c.h; path = BeckTools.h; sourceTree = "<group>"; };
		3D3835E219F69AA1006C9DB0 /* BeckTools.m */ = {isa = PBXFileReference; fileEncoding = 4; lastKnownFileType = sourcecode.c.objc; path = BeckTools.m; sourceTree = "<group>"; };
		3D38362019F6A22B006C9DB0 /* RCBasicViewController.h */ = {isa = PBXFileReference; fileEncoding = 4; lastKnownFileType = sourcecode.c.h; path = RCBasicViewController.h; sourceTree = "<group>"; };
		3D38362119F6A22B006C9DB0 /* RCChatListViewController.h */ = {isa = PBXFileReference; fileEncoding = 4; lastKnownFileType = sourcecode.c.h; path = RCChatListViewController.h; sourceTree = "<group>"; };
		3D38362219F6A22B006C9DB0 /* RCChatSettingViewController.h */ = {isa = PBXFileReference; fileEncoding = 4; lastKnownFileType = sourcecode.c.h; path = RCChatSettingViewController.h; sourceTree = "<group>"; };
		3D38362319F6A22B006C9DB0 /* RCChatViewController.h */ = {isa = PBXFileReference; fileEncoding = 4; lastKnownFileType = sourcecode.c.h; path = RCChatViewController.h; sourceTree = "<group>"; };
		3D38362419F6A22B006C9DB0 /* RCClientDelegate.h */ = {isa = PBXFileReference; fileEncoding = 4; lastKnownFileType = sourcecode.c.h; path = RCClientDelegate.h; sourceTree = "<group>"; };
		3D38362519F6A22B006C9DB0 /* RCConversation.h */ = {isa = PBXFileReference; fileEncoding = 4; lastKnownFileType = sourcecode.c.h; path = RCConversation.h; sourceTree = "<group>"; };
		3D38362619F6A22B006C9DB0 /* RCDiscussion.h */ = {isa = PBXFileReference; fileEncoding = 4; lastKnownFileType = sourcecode.c.h; path = RCDiscussion.h; sourceTree = "<group>"; };
		3D38362719F6A22B006C9DB0 /* RCGroup.h */ = {isa = PBXFileReference; fileEncoding = 4; lastKnownFileType = sourcecode.c.h; path = RCGroup.h; sourceTree = "<group>"; };
		3D38362819F6A22B006C9DB0 /* RCGroupListViewController.h */ = {isa = PBXFileReference; fileEncoding = 4; lastKnownFileType = sourcecode.c.h; path = RCGroupListViewController.h; sourceTree = "<group>"; };
		3D38362919F6A22B006C9DB0 /* RCHandShakeMessage.h */ = {isa = PBXFileReference; fileEncoding = 4; lastKnownFileType = sourcecode.c.h; path = RCHandShakeMessage.h; sourceTree = "<group>"; };
		3D38362A19F6A22B006C9DB0 /* RCIM.h */ = {isa = PBXFileReference; fileEncoding = 4; lastKnownFileType = sourcecode.c.h; path = RCIM.h; sourceTree = "<group>"; };
		3D38362B19F6A22B006C9DB0 /* RCImageMessage.h */ = {isa = PBXFileReference; fileEncoding = 4; lastKnownFileType = sourcecode.c.h; path = RCImageMessage.h; sourceTree = "<group>"; };
		3D38362C19F6A22B006C9DB0 /* RCIMClient.h */ = {isa = PBXFileReference; fileEncoding = 4; lastKnownFileType = sourcecode.c.h; path = RCIMClient.h; sourceTree = "<group>"; };
		3D38362D19F6A22B006C9DB0 /* RCIMClientHeader.h */ = {isa = PBXFileReference; fileEncoding = 4; lastKnownFileType = sourcecode.c.h; path = RCIMClientHeader.h; sourceTree = "<group>"; };
		3D38362E19F6A22B006C9DB0 /* RCMessage.h */ = {isa = PBXFileReference; fileEncoding = 4; lastKnownFileType = sourcecode.c.h; path = RCMessage.h; sourceTree = "<group>"; };
		3D38362F19F6A22B006C9DB0 /* RCMessageContent.h */ = {isa = PBXFileReference; fileEncoding = 4; lastKnownFileType = sourcecode.c.h; path = RCMessageContent.h; sourceTree = "<group>"; };
		3D38363019F6A22B006C9DB0 /* RCPreviewViewController.h */ = {isa = PBXFileReference; fileEncoding = 4; lastKnownFileType = sourcecode.c.h; path = RCPreviewViewController.h; sourceTree = "<group>"; };
		3D38363119F6A22B006C9DB0 /* RCRenameViewController.h */ = {isa = PBXFileReference; fileEncoding = 4; lastKnownFileType = sourcecode.c.h; path = RCRenameViewController.h; sourceTree = "<group>"; };
		3D38363219F6A22B006C9DB0 /* RCRichContentMessage.h */ = {isa = PBXFileReference; fileEncoding = 4; lastKnownFileType = sourcecode.c.h; path = RCRichContentMessage.h; sourceTree = "<group>"; };
		3D38363319F6A22B006C9DB0 /* RCSelectPersonViewController.h */ = {isa = PBXFileReference; fileEncoding = 4; lastKnownFileType = sourcecode.c.h; path = RCSelectPersonViewController.h; sourceTree = "<group>"; };
		3D38363419F6A22B006C9DB0 /* RCStatusDefine.h */ = {isa = PBXFileReference; fileEncoding = 4; lastKnownFileType = sourcecode.c.h; path = RCStatusDefine.h; sourceTree = "<group>"; };
		3D38363519F6A22B006C9DB0 /* RCTextMessage.h */ = {isa = PBXFileReference; fileEncoding = 4; lastKnownFileType = sourcecode.c.h; path = RCTextMessage.h; sourceTree = "<group>"; };
		3D38363619F6A22B006C9DB0 /* RCThemeDefine.h */ = {isa = PBXFileReference; fileEncoding = 4; lastKnownFileType = sourcecode.c.h; path = RCThemeDefine.h; sourceTree = "<group>"; };
		3D38363719F6A22B006C9DB0 /* RCUserInfo.h */ = {isa = PBXFileReference; fileEncoding = 4; lastKnownFileType = sourcecode.c.h; path = RCUserInfo.h; sourceTree = "<group>"; };
		3D38363819F6A22B006C9DB0 /* RCVoiceMessage.h */ = {isa = PBXFileReference; fileEncoding = 4; lastKnownFileType = sourcecode.c.h; path = RCVoiceMessage.h; sourceTree = "<group>"; };
		3D38363919F6A22B006C9DB0 /* Rong_IMKit_v1_1_0.a */ = {isa = PBXFileReference; lastKnownFileType = archive.ar; path = Rong_IMKit_v1_1_0.a; sourceTree = "<group>"; };
		3D38363A19F6A22B006C9DB0 /* RongCloud.bundle */ = {isa = PBXFileReference; lastKnownFileType = "wrapper.plug-in"; path = RongCloud.bundle; sourceTree = "<group>"; };
		3D389D9119EC06EE00BDDAAD /* ExamResultCell.h */ = {isa = PBXFileReference; fileEncoding = 4; lastKnownFileType = sourcecode.c.h; path = ExamResultCell.h; sourceTree = "<group>"; };
		3D389D9219EC06EE00BDDAAD /* ExamResultCell.m */ = {isa = PBXFileReference; fileEncoding = 4; lastKnownFileType = sourcecode.c.objc; path = ExamResultCell.m; sourceTree = "<group>"; };
		3D99448C19E6AD27009A1A1F /* Media.xcassets */ = {isa = PBXFileReference; lastKnownFileType = folder.assetcatalog; path = Media.xcassets; sourceTree = "<group>"; };
		3D99448E19E6B08C009A1A1F /* PrefixHeader.pch */ = {isa = PBXFileReference; lastKnownFileType = sourcecode.c.h; path = PrefixHeader.pch; sourceTree = "<group>"; };
		3D99448F19E6B54D009A1A1F /* HomepageTVC.h */ = {isa = PBXFileReference; fileEncoding = 4; lastKnownFileType = sourcecode.c.h; path = HomepageTVC.h; sourceTree = "<group>"; };
		3D99449019E6B54D009A1A1F /* HomepageTVC.m */ = {isa = PBXFileReference; fileEncoding = 4; lastKnownFileType = sourcecode.c.objc; path = HomepageTVC.m; sourceTree = "<group>"; };
		3D99449219E6B562009A1A1F /* HomepageTableViewCell.h */ = {isa = PBXFileReference; fileEncoding = 4; lastKnownFileType = sourcecode.c.h; path = HomepageTableViewCell.h; sourceTree = "<group>"; };
		3D99449319E6B562009A1A1F /* HomepageTableViewCell.m */ = {isa = PBXFileReference; fileEncoding = 4; lastKnownFileType = sourcecode.c.objc; path = HomepageTableViewCell.m; sourceTree = "<group>"; };
		3D99449519E6B68B009A1A1F /* HomepageView.h */ = {isa = PBXFileReference; fileEncoding = 4; lastKnownFileType = sourcecode.c.h; path = HomepageView.h; sourceTree = "<group>"; };
		3D99449619E6B68B009A1A1F /* HomepageView.m */ = {isa = PBXFileReference; fileEncoding = 4; lastKnownFileType = sourcecode.c.objc; path = HomepageView.m; sourceTree = "<group>"; };
		3D99449919E6BF31009A1A1F /* UIView+create.h */ = {isa = PBXFileReference; fileEncoding = 4; lastKnownFileType = sourcecode.c.h; path = "UIView+create.h"; sourceTree = "<group>"; };
		3D99449A19E6BF31009A1A1F /* UIView+create.m */ = {isa = PBXFileReference; fileEncoding = 4; lastKnownFileType = sourcecode.c.objc; path = "UIView+create.m"; sourceTree = "<group>"; };
		3D99449C19E6C03A009A1A1F /* UIImage+tool.h */ = {isa = PBXFileReference; fileEncoding = 4; lastKnownFileType = sourcecode.c.h; path = "UIImage+tool.h"; sourceTree = "<group>"; };
		3D99449D19E6C03A009A1A1F /* UIImage+tool.m */ = {isa = PBXFileReference; fileEncoding = 4; lastKnownFileType = sourcecode.c.objc; path = "UIImage+tool.m"; sourceTree = "<group>"; };
		3D99449F19E6C29E009A1A1F /* OTSBorder.h */ = {isa = PBXFileReference; fileEncoding = 4; lastKnownFileType = sourcecode.c.h; path = OTSBorder.h; sourceTree = "<group>"; };
		3D9944A019E6C29E009A1A1F /* OTSBorder.m */ = {isa = PBXFileReference; fileEncoding = 4; lastKnownFileType = sourcecode.c.objc; path = OTSBorder.m; sourceTree = "<group>"; };
		3D9944AB19E6CF74009A1A1F /* SettingTVC.h */ = {isa = PBXFileReference; fileEncoding = 4; lastKnownFileType = sourcecode.c.h; path = SettingTVC.h; sourceTree = "<group>"; };
		3D9944AC19E6CF74009A1A1F /* SettingTVC.m */ = {isa = PBXFileReference; fileEncoding = 4; lastKnownFileType = sourcecode.c.objc; path = SettingTVC.m; sourceTree = "<group>"; };
		3DC1C57119E645FD004F23E1 /* Beck.app */ = {isa = PBXFileReference; explicitFileType = wrapper.application; includeInIndex = 0; path = Beck.app; sourceTree = BUILT_PRODUCTS_DIR; };
		3DC1C57519E645FD004F23E1 /* Info.plist */ = {isa = PBXFileReference; lastKnownFileType = text.plist.xml; path = Info.plist; sourceTree = "<group>"; };
		3DC1C57619E645FD004F23E1 /* main.m */ = {isa = PBXFileReference; lastKnownFileType = sourcecode.c.objc; path = main.m; sourceTree = "<group>"; };
		3DC1C57819E645FD004F23E1 /* AppDelegate.h */ = {isa = PBXFileReference; lastKnownFileType = sourcecode.c.h; path = AppDelegate.h; sourceTree = "<group>"; };
		3DC1C57919E645FD004F23E1 /* AppDelegate.m */ = {isa = PBXFileReference; lastKnownFileType = sourcecode.c.objc; path = AppDelegate.m; sourceTree = "<group>"; };
		3DC1C58219E645FD004F23E1 /* Base */ = {isa = PBXFileReference; lastKnownFileType = file.storyboard; name = Base; path = Base.lproj/Main.storyboard; sourceTree = "<group>"; };
		3DC1C58D19E645FD004F23E1 /* BeckTests.xctest */ = {isa = PBXFileReference; explicitFileType = wrapper.cfbundle; includeInIndex = 0; path = BeckTests.xctest; sourceTree = BUILT_PRODUCTS_DIR; };
		3DC1C59219E645FD004F23E1 /* Info.plist */ = {isa = PBXFileReference; lastKnownFileType = text.plist.xml; path = Info.plist; sourceTree = "<group>"; };
		3DC1C59319E645FD004F23E1 /* BeckTests.m */ = {isa = PBXFileReference; lastKnownFileType = sourcecode.c.objc; path = BeckTests.m; sourceTree = "<group>"; };
		3DC36E5819EAB82F00B7B5FF /* AudioToolbox.framework */ = {isa = PBXFileReference; lastKnownFileType = wrapper.framework; name = AudioToolbox.framework; path = System/Library/Frameworks/AudioToolbox.framework; sourceTree = SDKROOT; };
		3DC36E5A19EAB83600B7B5FF /* AVFoundation.framework */ = {isa = PBXFileReference; lastKnownFileType = wrapper.framework; name = AVFoundation.framework; path = System/Library/Frameworks/AVFoundation.framework; sourceTree = SDKROOT; };
		3DC36E5C19EAB83C00B7B5FF /* CFNetwork.framework */ = {isa = PBXFileReference; lastKnownFileType = wrapper.framework; name = CFNetwork.framework; path = System/Library/Frameworks/CFNetwork.framework; sourceTree = SDKROOT; };
		3DC36E5E19EAB84600B7B5FF /* CoreAudio.framework */ = {isa = PBXFileReference; lastKnownFileType = wrapper.framework; name = CoreAudio.framework; path = System/Library/Frameworks/CoreAudio.framework; sourceTree = SDKROOT; };
		3DC36E6019EAB84C00B7B5FF /* CoreGraphics.framework */ = {isa = PBXFileReference; lastKnownFileType = wrapper.framework; name = CoreGraphics.framework; path = System/Library/Frameworks/CoreGraphics.framework; sourceTree = SDKROOT; };
		3DC36E6219EAB85300B7B5FF /* CoreImage.framework */ = {isa = PBXFileReference; lastKnownFileType = wrapper.framework; name = CoreImage.framework; path = System/Library/Frameworks/CoreImage.framework; sourceTree = SDKROOT; };
		3DC36E6419EAB85A00B7B5FF /* CoreMedia.framework */ = {isa = PBXFileReference; lastKnownFileType = wrapper.framework; name = CoreMedia.framework; path = System/Library/Frameworks/CoreMedia.framework; sourceTree = SDKROOT; };
		3DC36E6619EAB86000B7B5FF /* CoreVideo.framework */ = {isa = PBXFileReference; lastKnownFileType = wrapper.framework; name = CoreVideo.framework; path = System/Library/Frameworks/CoreVideo.framework; sourceTree = SDKROOT; };
		3DC36E6819EAB86800B7B5FF /* Foundation.framework */ = {isa = PBXFileReference; lastKnownFileType = wrapper.framework; name = Foundation.framework; path = System/Library/Frameworks/Foundation.framework; sourceTree = SDKROOT; };
		3DC36E6A19EAB87100B7B5FF /* libc++.dylib */ = {isa = PBXFileReference; lastKnownFileType = "compiled.mach-o.dylib"; name = "libc++.dylib"; path = "usr/lib/libc++.dylib"; sourceTree = SDKROOT; };
		3DC36E6C19EAB87A00B7B5FF /* libsqlite3.dylib */ = {isa = PBXFileReference; lastKnownFileType = "compiled.mach-o.dylib"; name = libsqlite3.dylib; path = usr/lib/libsqlite3.dylib; sourceTree = SDKROOT; };
		3DC36E6E19EAB88500B7B5FF /* libstdc++.dylib */ = {isa = PBXFileReference; lastKnownFileType = "compiled.mach-o.dylib"; name = "libstdc++.dylib"; path = "usr/lib/libstdc++.dylib"; sourceTree = SDKROOT; };
		3DC36E7019EAB89000B7B5FF /* libz.1.dylib */ = {isa = PBXFileReference; lastKnownFileType = "compiled.mach-o.dylib"; name = libz.1.dylib; path = usr/lib/libz.1.dylib; sourceTree = SDKROOT; };
		3DC36E7219EAB89700B7B5FF /* OpenGLES.framework */ = {isa = PBXFileReference; lastKnownFileType = wrapper.framework; name = OpenGLES.framework; path = System/Library/Frameworks/OpenGLES.framework; sourceTree = SDKROOT; };
		3DC36E7419EAB89D00B7B5FF /* QuartzCore.framework */ = {isa = PBXFileReference; lastKnownFileType = wrapper.framework; name = QuartzCore.framework; path = System/Library/Frameworks/QuartzCore.framework; sourceTree = SDKROOT; };
		3DC36E7619EAB8A600B7B5FF /* SystemConfiguration.framework */ = {isa = PBXFileReference; lastKnownFileType = wrapper.framework; name = SystemConfiguration.framework; path = System/Library/Frameworks/SystemConfiguration.framework; sourceTree = SDKROOT; };
		3DC36E7819EAB8AB00B7B5FF /* UIKit.framework */ = {isa = PBXFileReference; lastKnownFileType = wrapper.framework; name = UIKit.framework; path = System/Library/Frameworks/UIKit.framework; sourceTree = SDKROOT; };
		3DC68AB319F54820003DB313 /* PersionalFileTVC.h */ = {isa = PBXFileReference; fileEncoding = 4; lastKnownFileType = sourcecode.c.h; path = PersionalFileTVC.h; sourceTree = "<group>"; };
		3DC68AB419F54820003DB313 /* PersionalFileTVC.m */ = {isa = PBXFileReference; fileEncoding = 4; lastKnownFileType = sourcecode.c.objc; path = PersionalFileTVC.m; sourceTree = "<group>"; };
		3DC68ABA19F54A6A003DB313 /* BeckLoginVC.h */ = {isa = PBXFileReference; fileEncoding = 4; lastKnownFileType = sourcecode.c.h; path = BeckLoginVC.h; sourceTree = "<group>"; };
		3DC68ABB19F54A6A003DB313 /* BeckLoginVC.m */ = {isa = PBXFileReference; fileEncoding = 4; lastKnownFileType = sourcecode.c.objc; path = BeckLoginVC.m; sourceTree = "<group>"; };
		3DD856CB19E80ADA00A17F41 /* AutoItemsVC.h */ = {isa = PBXFileReference; fileEncoding = 4; lastKnownFileType = sourcecode.c.h; path = AutoItemsVC.h; sourceTree = "<group>"; };
		3DD856CC19E80ADA00A17F41 /* AutoItemsVC.m */ = {isa = PBXFileReference; fileEncoding = 4; lastKnownFileType = sourcecode.c.objc; path = AutoItemsVC.m; sourceTree = "<group>"; };
		3DD856CE19E80DCD00A17F41 /* NewsTVC.h */ = {isa = PBXFileReference; fileEncoding = 4; lastKnownFileType = sourcecode.c.h; path = NewsTVC.h; sourceTree = "<group>"; };
		3DD856CF19E80DCD00A17F41 /* NewsTVC.m */ = {isa = PBXFileReference; fileEncoding = 4; lastKnownFileType = sourcecode.c.objc; path = NewsTVC.m; sourceTree = "<group>"; };
		3DD856D119E80EAC00A17F41 /* NewsCategoryTVC.h */ = {isa = PBXFileReference; fileEncoding = 4; lastKnownFileType = sourcecode.c.h; path = NewsCategoryTVC.h; sourceTree = "<group>"; };
		3DD856D219E80EAC00A17F41 /* NewsCategoryTVC.m */ = {isa = PBXFileReference; fileEncoding = 4; lastKnownFileType = sourcecode.c.objc; path = NewsCategoryTVC.m; sourceTree = "<group>"; };
		3DD856DD19E8148C00A17F41 /* HistoryTVC.h */ = {isa = PBXFileReference; fileEncoding = 4; lastKnownFileType = sourcecode.c.h; path = HistoryTVC.h; sourceTree = "<group>"; };
		3DD856DE19E8148C00A17F41 /* HistoryTVC.m */ = {isa = PBXFileReference; fileEncoding = 4; lastKnownFileType = sourcecode.c.objc; path = HistoryTVC.m; sourceTree = "<group>"; };
		3DD856E019E817F800A17F41 /* ExchangeTVC.h */ = {isa = PBXFileReference; fileEncoding = 4; lastKnownFileType = sourcecode.c.h; path = ExchangeTVC.h; sourceTree = "<group>"; };
		3DD856E119E817F800A17F41 /* ExchangeTVC.m */ = {isa = PBXFileReference; fileEncoding = 4; lastKnownFileType = sourcecode.c.objc; path = ExchangeTVC.m; sourceTree = "<group>"; };
		3DF5B86119E8E5E10050165F /* Beck.xcdatamodel */ = {isa = PBXFileReference; lastKnownFileType = wrapper.xcdatamodel; path = Beck.xcdatamodel; sourceTree = "<group>"; };
		3DF5B86419E8E6530050165F /* Item.h */ = {isa = PBXFileReference; fileEncoding = 4; lastKnownFileType = sourcecode.c.h; path = Item.h; sourceTree = "<group>"; };
		3DF5B86519E8E6530050165F /* Item.m */ = {isa = PBXFileReference; fileEncoding = 4; lastKnownFileType = sourcecode.c.objc; path = Item.m; sourceTree = "<group>"; };
		457D5D4D704E4BA88EBD7F48 /* libPods.a */ = {isa = PBXFileReference; explicitFileType = archive.ar; includeInIndex = 0; path = libPods.a; sourceTree = BUILT_PRODUCTS_DIR; };
		646B6BD972844B829AA84FB4 /* Pods.xcconfig */ = {isa = PBXFileReference; includeInIndex = 1; lastKnownFileType = text.xcconfig; name = Pods.xcconfig; path = Pods/Pods.xcconfig; sourceTree = "<group>"; };
/* End PBXFileReference section */

/* Begin PBXFrameworksBuildPhase section */
		3DC1C56E19E645FD004F23E1 /* Frameworks */ = {
			isa = PBXFrameworksBuildPhase;
			buildActionMask = 2147483647;
			files = (
				3DC36E7919EAB8AB00B7B5FF /* UIKit.framework in Frameworks */,
				3DC36E7719EAB8A600B7B5FF /* SystemConfiguration.framework in Frameworks */,
				3DC36E7519EAB89D00B7B5FF /* QuartzCore.framework in Frameworks */,
				3DC36E7319EAB89700B7B5FF /* OpenGLES.framework in Frameworks */,
				3DC36E7119EAB89000B7B5FF /* libz.1.dylib in Frameworks */,
				3DC36E6F19EAB88500B7B5FF /* libstdc++.dylib in Frameworks */,
				3DC36E6D19EAB87A00B7B5FF /* libsqlite3.dylib in Frameworks */,
				3DC36E6B19EAB87100B7B5FF /* libc++.dylib in Frameworks */,
				3DC36E6919EAB86800B7B5FF /* Foundation.framework in Frameworks */,
				3DC36E6719EAB86000B7B5FF /* CoreVideo.framework in Frameworks */,
				3DC36E6519EAB85A00B7B5FF /* CoreMedia.framework in Frameworks */,
				3DC36E6319EAB85300B7B5FF /* CoreImage.framework in Frameworks */,
				3DC36E6119EAB84C00B7B5FF /* CoreGraphics.framework in Frameworks */,
				3DC36E5F19EAB84600B7B5FF /* CoreAudio.framework in Frameworks */,
				3DC36E5D19EAB83C00B7B5FF /* CFNetwork.framework in Frameworks */,
				3DC36E5B19EAB83600B7B5FF /* AVFoundation.framework in Frameworks */,
				3DC36E5919EAB82F00B7B5FF /* AudioToolbox.framework in Frameworks */,
				3D38363B19F6A22B006C9DB0 /* Rong_IMKit_v1_1_0.a in Frameworks */,
				8FBB980D12324F68B9B0059F /* libPods.a in Frameworks */,
			);
			runOnlyForDeploymentPostprocessing = 0;
		};
		3DC1C58A19E645FD004F23E1 /* Frameworks */ = {
			isa = PBXFrameworksBuildPhase;
			buildActionMask = 2147483647;
			files = (
			);
			runOnlyForDeploymentPostprocessing = 0;
		};
/* End PBXFrameworksBuildPhase section */

/* Begin PBXGroup section */
		3D214A0219E7FA7800830255 /* 智能出题 */ = {
			isa = PBXGroup;
			children = (
				3DD856CB19E80ADA00A17F41 /* AutoItemsVC.h */,
				3DD856CC19E80ADA00A17F41 /* AutoItemsVC.m */,
			);
			name = "智能出题";
			path = AutoItems;
			sourceTree = "<group>";
		};
		3D214A0519E7FA7800830255 /* 考点交流 */ = {
			isa = PBXGroup;
			children = (
				3DD856E019E817F800A17F41 /* ExchangeTVC.h */,
				3DD856E119E817F800A17F41 /* ExchangeTVC.m */,
			);
			name = "考点交流";
			path = Exchange;
			sourceTree = "<group>";
		};
		3D214A0719E7FA7800830255 /* 练习历史 */ = {
			isa = PBXGroup;
			children = (
				3DD856DD19E8148C00A17F41 /* HistoryTVC.h */,
				3DD856DE19E8148C00A17F41 /* HistoryTVC.m */,
			);
			name = "练习历史";
			path = History;
			sourceTree = "<group>";
		};
		3D214A0819E7FA7800830255 /* 考点资讯 */ = {
			isa = PBXGroup;
			children = (
				3DD856CE19E80DCD00A17F41 /* NewsTVC.h */,
				3DD856CF19E80DCD00A17F41 /* NewsTVC.m */,
				3DD856D119E80EAC00A17F41 /* NewsCategoryTVC.h */,
				3DD856D219E80EAC00A17F41 /* NewsCategoryTVC.m */,
			);
			name = "考点资讯";
			path = News;
			sourceTree = "<group>";
		};
		3D2521BD19F529D900FC72A7 /* 考试模式 */ = {
			isa = PBXGroup;
			children = (
				3D2521BF19F52A6F00FC72A7 /* ExamModeVC.h */,
				3D2521C019F52A6F00FC72A7 /* ExamModeVC.m */,
				3D2521C119F52A6F00FC72A7 /* ExamRoomSimulateTVC.h */,
				3D2521C219F52A6F00FC72A7 /* ExamRoomSimulateTVC.m */,
				3D2521C519F52B3B00FC72A7 /* ExamHomeTVC.h */,
				3D2521C619F52B3B00FC72A7 /* ExamHomeTVC.m */,
				3D2521C819F52FCD00FC72A7 /* SimulationExamTVC.h */,
				3D2521C919F52FCD00FC72A7 /* SimulationExamTVC.m */,
				3D2521CB19F533D900FC72A7 /* PayTVC.h */,
				3D2521CC19F533D900FC72A7 /* PayTVC.m */,
				3D2521CE19F533FA00FC72A7 /* IntegrationTVC.h */,
				3D2521CF19F533FA00FC72A7 /* IntegrationTVC.m */,
				3D2521D119F5340800FC72A7 /* AlipayTVC.h */,
				3D2521D219F5340800FC72A7 /* AlipayTVC.m */,
			);
			name = "考试模式";
			path = ExamMode;
			sourceTree = "<group>";
		};
		3D2521BE19F52A4800FC72A7 /* 练习模式 */ = {
			isa = PBXGroup;
			children = (
				3D2521D719F53B4F00FC72A7 /* ChooseQuestionBankTVC.h */,
				3D2521D819F53B4F00FC72A7 /* ChooseQuestionBankTVC.m */,
				3D2521D919F53B4F00FC72A7 /* ChooseSectionTVC.h */,
				3D2521DA19F53B4F00FC72A7 /* ChooseSectionTVC.m */,
				3D2521DB19F53B4F00FC72A7 /* PracticeModeVC.h */,
				3D2521DC19F53B4F00FC72A7 /* PracticeModeVC.m */,
				3D2521D419F53A4800FC72A7 /* PractiseHomeTVC.h */,
				3D2521D519F53A4800FC72A7 /* PractiseHomeTVC.m */,
			);
			name = "练习模式";
			path = PracticeMode;
			sourceTree = "<group>";
		};
		3D2521E619F5411900FC72A7 /* 更多 */ = {
			isa = PBXGroup;
			children = (
				3DC68AB219F547F9003DB313 /* 个人档案 */,
				3D2521EA19F543CB00FC72A7 /* 高频考点 */,
				3D2521E719F5418C00FC72A7 /* MoreHomeTVC.h */,
				3D2521E819F5418C00FC72A7 /* MoreHomeTVC.m */,
				3D25220919F5455100FC72A7 /* ChooseExamTVC.h */,
				3D25220A19F5455100FC72A7 /* ChooseExamTVC.m */,
			);
			name = "更多";
			path = More;
			sourceTree = "<group>";
		};
		3D2521EA19F543CB00FC72A7 /* 高频考点 */ = {
			isa = PBXGroup;
			children = (
				3D2521EB19F543CB00FC72A7 /* TestingCentreCategoryTVC.h */,
				3D2521EC19F543CB00FC72A7 /* TestingCentreCategoryTVC.m */,
				3D2521ED19F543CB00FC72A7 /* TestingCentreDetailVC.h */,
				3D2521EE19F543CB00FC72A7 /* TestingCentreDetailVC.m */,
				3D2521EF19F543CB00FC72A7 /* TestingCentreTVC.h */,
				3D2521F019F543CB00FC72A7 /* TestingCentreTVC.m */,
			);
			name = "高频考点";
			path = TestingCentre;
			sourceTree = "<group>";
		};
		3D2521F419F5441C00FC72A7 /* 错题重做 */ = {
			isa = PBXGroup;
			children = (
				3D2521F519F5441C00FC72A7 /* ErrorItemsCategoryTVC.h */,
				3D2521F619F5441C00FC72A7 /* ErrorItemsCategoryTVC.m */,
				3D2521F719F5441C00FC72A7 /* ErrorItemsTVC.h */,
				3D2521F819F5441C00FC72A7 /* ErrorItemsTVC.m */,
			);
			name = "错题重做";
			path = ErrorItems;
			sourceTree = "<group>";
		};
		3D2521F919F5441C00FC72A7 /* 题目收藏 */ = {
			isa = PBXGroup;
			children = (
				3D2521FA19F5441C00FC72A7 /* FavorateItemsCategoryTVC.h */,
				3D2521FB19F5441C00FC72A7 /* FavorateItemsCategoryTVC.m */,
				3D2521FC19F5441C00FC72A7 /* FavorateItemsTVC.h */,
				3D2521FD19F5441C00FC72A7 /* FavorateItemsTVC.m */,
			);
			name = "题目收藏";
			path = FavorateItems;
			sourceTree = "<group>";
		};
		3D2521FE19F5441C00FC72A7 /* 查看笔记 */ = {
			isa = PBXGroup;
			children = (
				3D2521FF19F5441C00FC72A7 /* NotesCategoryTVC.h */,
				3D25220019F5441C00FC72A7 /* NotesCategoryTVC.m */,
				3D25220119F5441C00FC72A7 /* NotesTVC.h */,
				3D25220219F5441C00FC72A7 /* NotesTVC.m */,
			);
			name = "查看笔记";
			path = Notes;
			sourceTree = "<group>";
		};
		3D3835D219F6786B006C9DB0 /* 找回密码 */ = {
			isa = PBXGroup;
			children = (
				3D3835D419F678B3006C9DB0 /* FindPasswordVC.h */,
				3D3835D519F678B3006C9DB0 /* FindPasswordVC.m */,
			);
			name = "找回密码";
			path = FindPassword;
			sourceTree = "<group>";
		};
		3D3835D319F6786B006C9DB0 /* 注册 */ = {
			isa = PBXGroup;
			children = (
				3D3835D719F678BF006C9DB0 /* RegisterVC.h */,
				3D3835D819F678BF006C9DB0 /* RegisterVC.m */,
				3D3835DA19F678D7006C9DB0 /* EnterCodeVC.h */,
				3D3835DB19F678D7006C9DB0 /* EnterCodeVC.m */,
				3D3835DD19F678E8006C9DB0 /* EnterPasswordVC.h */,
				3D3835DE19F678E8006C9DB0 /* EnterPasswordVC.m */,
			);
			name = "注册";
			path = Register;
			sourceTree = "<group>";
		};
		3D3835E019F69A85006C9DB0 /* 工具 */ = {
			isa = PBXGroup;
			children = (
				3D3835E119F69AA1006C9DB0 /* BeckTools.h */,
				3D3835E219F69AA1006C9DB0 /* BeckTools.m */,
			);
			name = "工具";
			path = Tools;
			sourceTree = "<group>";
		};
		3D38361E19F6A22B006C9DB0 /* imkit */ = {
			isa = PBXGroup;
			children = (
				3D38361F19F6A22B006C9DB0 /* Headers */,
				3D38363919F6A22B006C9DB0 /* Rong_IMKit_v1_1_0.a */,
				3D38363A19F6A22B006C9DB0 /* RongCloud.bundle */,
			);
			path = imkit;
			sourceTree = "<group>";
		};
		3D38361F19F6A22B006C9DB0 /* Headers */ = {
			isa = PBXGroup;
			children = (
				3D38362019F6A22B006C9DB0 /* RCBasicViewController.h */,
				3D38362119F6A22B006C9DB0 /* RCChatListViewController.h */,
				3D38362219F6A22B006C9DB0 /* RCChatSettingViewController.h */,
				3D38362319F6A22B006C9DB0 /* RCChatViewController.h */,
				3D38362419F6A22B006C9DB0 /* RCClientDelegate.h */,
				3D38362519F6A22B006C9DB0 /* RCConversation.h */,
				3D38362619F6A22B006C9DB0 /* RCDiscussion.h */,
				3D38362719F6A22B006C9DB0 /* RCGroup.h */,
				3D38362819F6A22B006C9DB0 /* RCGroupListViewController.h */,
				3D38362919F6A22B006C9DB0 /* RCHandShakeMessage.h */,
				3D38362A19F6A22B006C9DB0 /* RCIM.h */,
				3D38362B19F6A22B006C9DB0 /* RCImageMessage.h */,
				3D38362C19F6A22B006C9DB0 /* RCIMClient.h */,
				3D38362D19F6A22B006C9DB0 /* RCIMClientHeader.h */,
				3D38362E19F6A22B006C9DB0 /* RCMessage.h */,
				3D38362F19F6A22B006C9DB0 /* RCMessageContent.h */,
				3D38363019F6A22B006C9DB0 /* RCPreviewViewController.h */,
				3D38363119F6A22B006C9DB0 /* RCRenameViewController.h */,
				3D38363219F6A22B006C9DB0 /* RCRichContentMessage.h */,
				3D38363319F6A22B006C9DB0 /* RCSelectPersonViewController.h */,
				3D38363419F6A22B006C9DB0 /* RCStatusDefine.h */,
				3D38363519F6A22B006C9DB0 /* RCTextMessage.h */,
				3D38363619F6A22B006C9DB0 /* RCThemeDefine.h */,
				3D38363719F6A22B006C9DB0 /* RCUserInfo.h */,
				3D38363819F6A22B006C9DB0 /* RCVoiceMessage.h */,
			);
			path = Headers;
			sourceTree = "<group>";
		};
		3D389D9019EC05A600BDDAAD /* Cell */ = {
			isa = PBXGroup;
			children = (
				3D389D9119EC06EE00BDDAAD /* ExamResultCell.h */,
				3D389D9219EC06EE00BDDAAD /* ExamResultCell.m */,
			);
			path = Cell;
			sourceTree = "<group>";
		};
		3D99448119E6AB51009A1A1F /* Homepage */ = {
			isa = PBXGroup;
			children = (
				3D389D9019EC05A600BDDAAD /* Cell */,
				3D214A0219E7FA7800830255 /* 智能出题 */,
				3D214A0719E7FA7800830255 /* 练习历史 */,
				3D214A0819E7FA7800830255 /* 考点资讯 */,
				3D214A0519E7FA7800830255 /* 考点交流 */,
				3D9944AA19E6CF74009A1A1F /* 设置 */,
				3D99448F19E6B54D009A1A1F /* HomepageTVC.h */,
				3D99449019E6B54D009A1A1F /* HomepageTVC.m */,
				3D99449219E6B562009A1A1F /* HomepageTableViewCell.h */,
				3D99449319E6B562009A1A1F /* HomepageTableViewCell.m */,
				3D99449519E6B68B009A1A1F /* HomepageView.h */,
				3D99449619E6B68B009A1A1F /* HomepageView.m */,
				3D34BDA219EA177F002A0D3F /* ItemTVC.h */,
				3D34BDA319EA177F002A0D3F /* ItemTVC.m */,
				3D0BED8719EA2AF300B794B5 /* AnswerCVC.h */,
				3D0BED8819EA2AF300B794B5 /* AnswerCVC.m */,
			);
			path = Homepage;
			sourceTree = "<group>";
		};
		3D99448219E6AB51009A1A1F /* 个人中心 */ = {
			isa = PBXGroup;
			children = (
				3D2521F419F5441C00FC72A7 /* 错题重做 */,
				3D2521F919F5441C00FC72A7 /* 题目收藏 */,
				3D2521FE19F5441C00FC72A7 /* 查看笔记 */,
				3D2521E019F53C9100FC72A7 /* MyAccountHomeTVC.h */,
				3D2521E119F53C9100FC72A7 /* MyAccountHomeTVC.m */,
				3D2521E319F53F8300FC72A7 /* StatisticTVC.h */,
				3D2521E419F53F8300FC72A7 /* StatisticTVC.m */,
			);
			name = "个人中心";
			path = MyAccount;
			sourceTree = "<group>";
		};
		3D99449819E6BF31009A1A1F /* Base */ = {
			isa = PBXGroup;
			children = (
				3D99449F19E6C29E009A1A1F /* OTSBorder.h */,
				3D9944A019E6C29E009A1A1F /* OTSBorder.m */,
				3D99449C19E6C03A009A1A1F /* UIImage+tool.h */,
				3D99449D19E6C03A009A1A1F /* UIImage+tool.m */,
				3D99449919E6BF31009A1A1F /* UIView+create.h */,
				3D99449A19E6BF31009A1A1F /* UIView+create.m */,
				3D2521B719F526AE00FC72A7 /* BeckTVC.h */,
				3D2521B819F526AE00FC72A7 /* BeckTVC.m */,
				3D2521BA19F526C500FC72A7 /* BeckVC.h */,
				3D2521BB19F526C500FC72A7 /* BeckVC.m */,
			);
			path = Base;
			sourceTree = "<group>";
		};
		3D9944AA19E6CF74009A1A1F /* 设置 */ = {
			isa = PBXGroup;
			children = (
				3D9944AB19E6CF74009A1A1F /* SettingTVC.h */,
				3D9944AC19E6CF74009A1A1F /* SettingTVC.m */,
			);
			name = "设置";
			path = Setting;
			sourceTree = "<group>";
		};
		3DC1C56819E645FD004F23E1 = {
			isa = PBXGroup;
			children = (
				3DC1C57319E645FD004F23E1 /* Beck */,
				3DC1C59019E645FD004F23E1 /* BeckTests */,
				3DC1C57219E645FD004F23E1 /* Products */,
				646B6BD972844B829AA84FB4 /* Pods.xcconfig */,
				F024A33A6D9C41E5B103CF43 /* Frameworks */,
			);
			sourceTree = "<group>";
		};
		3DC1C57219E645FD004F23E1 /* Products */ = {
			isa = PBXGroup;
			children = (
				3DC1C57119E645FD004F23E1 /* Beck.app */,
				3DC1C58D19E645FD004F23E1 /* BeckTests.xctest */,
			);
			name = Products;
			sourceTree = "<group>";
		};
		3DC1C57319E645FD004F23E1 /* Beck */ = {
			isa = PBXGroup;
			children = (
				3D38361E19F6A22B006C9DB0 /* imkit */,
				3DF5B86319E8E6420050165F /* VO */,
				3D99449819E6BF31009A1A1F /* Base */,
				3D99448119E6AB51009A1A1F /* Homepage */,
				3DC68AB919F54A35003DB313 /* 登陆 */,
				3D99448219E6AB51009A1A1F /* 个人中心 */,
				3D2521BE19F52A4800FC72A7 /* 练习模式 */,
				3D2521BD19F529D900FC72A7 /* 考试模式 */,
				3D2521E619F5411900FC72A7 /* 更多 */,
				3D3835D219F6786B006C9DB0 /* 找回密码 */,
				3D3835D319F6786B006C9DB0 /* 注册 */,
				3D3835E019F69A85006C9DB0 /* 工具 */,
				3DC1C57819E645FD004F23E1 /* AppDelegate.h */,
				3DC1C57919E645FD004F23E1 /* AppDelegate.m */,
				3D0BEDBF19EA443700B794B5 /* BeckTBC.h */,
				3D0BEDC019EA443700B794B5 /* BeckTBC.m */,
				3DC1C58119E645FD004F23E1 /* Main.storyboard */,
				3D99448E19E6B08C009A1A1F /* PrefixHeader.pch */,
				3D99448C19E6AD27009A1A1F /* Media.xcassets */,
				3DF5B86019E8E5E10050165F /* Beck.xcdatamodeld */,
				3DC1C57419E645FD004F23E1 /* Supporting Files */,
			);
			path = Beck;
			sourceTree = "<group>";
		};
		3DC1C57419E645FD004F23E1 /* Supporting Files */ = {
			isa = PBXGroup;
			children = (
				3DC1C57519E645FD004F23E1 /* Info.plist */,
				3DC1C57619E645FD004F23E1 /* main.m */,
			);
			name = "Supporting Files";
			sourceTree = "<group>";
		};
		3DC1C59019E645FD004F23E1 /* BeckTests */ = {
			isa = PBXGroup;
			children = (
				3DC1C59319E645FD004F23E1 /* BeckTests.m */,
				3DC1C59119E645FD004F23E1 /* Supporting Files */,
			);
			path = BeckTests;
			sourceTree = "<group>";
		};
		3DC1C59119E645FD004F23E1 /* Supporting Files */ = {
			isa = PBXGroup;
			children = (
				3DC1C59219E645FD004F23E1 /* Info.plist */,
			);
			name = "Supporting Files";
			sourceTree = "<group>";
		};
		3DC68AB219F547F9003DB313 /* 个人档案 */ = {
			isa = PBXGroup;
			children = (
				3DC68AB319F54820003DB313 /* PersionalFileTVC.h */,
				3DC68AB419F54820003DB313 /* PersionalFileTVC.m */,
			);
			name = "个人档案";
			path = Person;
			sourceTree = "<group>";
		};
		3DC68AB919F54A35003DB313 /* 登陆 */ = {
			isa = PBXGroup;
			children = (
				3DC68ABA19F54A6A003DB313 /* BeckLoginVC.h */,
				3DC68ABB19F54A6A003DB313 /* BeckLoginVC.m */,
			);
			name = "登陆";
			path = Login;
			sourceTree = "<group>";
		};
		3DF5B86319E8E6420050165F /* VO */ = {
			isa = PBXGroup;
			children = (
				3DF5B86419E8E6530050165F /* Item.h */,
				3DF5B86519E8E6530050165F /* Item.m */,
			);
			path = VO;
			sourceTree = "<group>";
		};
		F024A33A6D9C41E5B103CF43 /* Frameworks */ = {
			isa = PBXGroup;
			children = (
				3DC36E7819EAB8AB00B7B5FF /* UIKit.framework */,
				3DC36E7619EAB8A600B7B5FF /* SystemConfiguration.framework */,
				3DC36E7419EAB89D00B7B5FF /* QuartzCore.framework */,
				3DC36E7219EAB89700B7B5FF /* OpenGLES.framework */,
				3DC36E7019EAB89000B7B5FF /* libz.1.dylib */,
				3DC36E6E19EAB88500B7B5FF /* libstdc++.dylib */,
				3DC36E6C19EAB87A00B7B5FF /* libsqlite3.dylib */,
				3DC36E6A19EAB87100B7B5FF /* libc++.dylib */,
				3DC36E6819EAB86800B7B5FF /* Foundation.framework */,
				3DC36E6619EAB86000B7B5FF /* CoreVideo.framework */,
				3DC36E6419EAB85A00B7B5FF /* CoreMedia.framework */,
				3DC36E6219EAB85300B7B5FF /* CoreImage.framework */,
				3DC36E6019EAB84C00B7B5FF /* CoreGraphics.framework */,
				3DC36E5E19EAB84600B7B5FF /* CoreAudio.framework */,
				3DC36E5C19EAB83C00B7B5FF /* CFNetwork.framework */,
				3DC36E5A19EAB83600B7B5FF /* AVFoundation.framework */,
				3DC36E5819EAB82F00B7B5FF /* AudioToolbox.framework */,
				457D5D4D704E4BA88EBD7F48 /* libPods.a */,
			);
			name = Frameworks;
			sourceTree = "<group>";
		};
/* End PBXGroup section */

/* Begin PBXNativeTarget section */
		3DC1C57019E645FD004F23E1 /* Beck */ = {
			isa = PBXNativeTarget;
			buildConfigurationList = 3DC1C59719E645FD004F23E1 /* Build configuration list for PBXNativeTarget "Beck" */;
			buildPhases = (
				B5C36C20709B47B7A1EDC008 /* Check Pods Manifest.lock */,
				3DC1C56D19E645FD004F23E1 /* Sources */,
				3DC1C56E19E645FD004F23E1 /* Frameworks */,
				3DC1C56F19E645FD004F23E1 /* Resources */,
				8CA1C59579A2456CB46A3E29 /* Copy Pods Resources */,
			);
			buildRules = (
			);
			dependencies = (
			);
			name = Beck;
			productName = Beck;
			productReference = 3DC1C57119E645FD004F23E1 /* Beck.app */;
			productType = "com.apple.product-type.application";
		};
		3DC1C58C19E645FD004F23E1 /* BeckTests */ = {
			isa = PBXNativeTarget;
			buildConfigurationList = 3DC1C59A19E645FD004F23E1 /* Build configuration list for PBXNativeTarget "BeckTests" */;
			buildPhases = (
				3DC1C58919E645FD004F23E1 /* Sources */,
				3DC1C58A19E645FD004F23E1 /* Frameworks */,
				3DC1C58B19E645FD004F23E1 /* Resources */,
			);
			buildRules = (
			);
			dependencies = (
				3DC1C58F19E645FD004F23E1 /* PBXTargetDependency */,
			);
			name = BeckTests;
			productName = BeckTests;
			productReference = 3DC1C58D19E645FD004F23E1 /* BeckTests.xctest */;
			productType = "com.apple.product-type.bundle.unit-test";
		};
/* End PBXNativeTarget section */

/* Begin PBXProject section */
		3DC1C56919E645FD004F23E1 /* Project object */ = {
			isa = PBXProject;
			attributes = {
				LastUpgradeCheck = 0610;
				ORGANIZATIONNAME = Aimy;
				TargetAttributes = {
					3DC1C57019E645FD004F23E1 = {
						CreatedOnToolsVersion = 6.1;
					};
					3DC1C58C19E645FD004F23E1 = {
						CreatedOnToolsVersion = 6.1;
						TestTargetID = 3DC1C57019E645FD004F23E1;
					};
				};
			};
			buildConfigurationList = 3DC1C56C19E645FD004F23E1 /* Build configuration list for PBXProject "Beck" */;
			compatibilityVersion = "Xcode 3.2";
			developmentRegion = English;
			hasScannedForEncodings = 0;
			knownRegions = (
				en,
				Base,
			);
			mainGroup = 3DC1C56819E645FD004F23E1;
			productRefGroup = 3DC1C57219E645FD004F23E1 /* Products */;
			projectDirPath = "";
			projectRoot = "";
			targets = (
				3DC1C57019E645FD004F23E1 /* Beck */,
				3DC1C58C19E645FD004F23E1 /* BeckTests */,
			);
		};
/* End PBXProject section */

/* Begin PBXResourcesBuildPhase section */
		3DC1C56F19E645FD004F23E1 /* Resources */ = {
			isa = PBXResourcesBuildPhase;
			buildActionMask = 2147483647;
			files = (
				3D99448D19E6AD27009A1A1F /* Media.xcassets in Resources */,
				3DC1C58319E645FD004F23E1 /* Main.storyboard in Resources */,
				3D38363C19F6A22B006C9DB0 /* RongCloud.bundle in Resources */,
			);
			runOnlyForDeploymentPostprocessing = 0;
		};
		3DC1C58B19E645FD004F23E1 /* Resources */ = {
			isa = PBXResourcesBuildPhase;
			buildActionMask = 2147483647;
			files = (
			);
			runOnlyForDeploymentPostprocessing = 0;
		};
/* End PBXResourcesBuildPhase section */

/* Begin PBXShellScriptBuildPhase section */
		8CA1C59579A2456CB46A3E29 /* Copy Pods Resources */ = {
			isa = PBXShellScriptBuildPhase;
			buildActionMask = 2147483647;
			files = (
			);
			inputPaths = (
			);
			name = "Copy Pods Resources";
			outputPaths = (
			);
			runOnlyForDeploymentPostprocessing = 0;
			shellPath = /bin/sh;
			shellScript = "\"${SRCROOT}/Pods/Pods-resources.sh\"\n";
			showEnvVarsInLog = 0;
		};
		B5C36C20709B47B7A1EDC008 /* Check Pods Manifest.lock */ = {
			isa = PBXShellScriptBuildPhase;
			buildActionMask = 2147483647;
			files = (
			);
			inputPaths = (
			);
			name = "Check Pods Manifest.lock";
			outputPaths = (
			);
			runOnlyForDeploymentPostprocessing = 0;
			shellPath = /bin/sh;
			shellScript = "diff \"${PODS_ROOT}/../Podfile.lock\" \"${PODS_ROOT}/Manifest.lock\" > /dev/null\nif [[ $? != 0 ]] ; then\n    cat << EOM\nerror: The sandbox is not in sync with the Podfile.lock. Run 'pod install' or update your CocoaPods installation.\nEOM\n    exit 1\nfi\n";
			showEnvVarsInLog = 0;
		};
/* End PBXShellScriptBuildPhase section */

/* Begin PBXSourcesBuildPhase section */
		3DC1C56D19E645FD004F23E1 /* Sources */ = {
			isa = PBXSourcesBuildPhase;
			buildActionMask = 2147483647;
			files = (
				3DF5B86619E8E6530050165F /* Item.m in Sources */,
				3D2521BC19F526C500FC72A7 /* BeckVC.m in Sources */,
				3D2521CA19F52FCD00FC72A7 /* SimulationExamTVC.m in Sources */,
				3D25220619F5441C00FC72A7 /* FavorateItemsTVC.m in Sources */,
				3DD856E219E817F800A17F41 /* ExchangeTVC.m in Sources */,
				3D2521E519F53F8300FC72A7 /* StatisticTVC.m in Sources */,
				3D0BED8919EA2AF300B794B5 /* AnswerCVC.m in Sources */,
				3D25220819F5441C00FC72A7 /* NotesTVC.m in Sources */,
				3DC1C57A19E645FD004F23E1 /* AppDelegate.m in Sources */,
				3D2521C719F52B3B00FC72A7 /* ExamHomeTVC.m in Sources */,
				3D99449119E6B54D009A1A1F /* HomepageTVC.m in Sources */,
				3D2521D019F533FA00FC72A7 /* IntegrationTVC.m in Sources */,
				3D2521E919F5418C00FC72A7 /* MoreHomeTVC.m in Sources */,
				3D2521C419F52A6F00FC72A7 /* ExamRoomSimulateTVC.m in Sources */,
				3D34BDA419EA177F002A0D3F /* ItemTVC.m in Sources */,
				3DC68AB519F54820003DB313 /* PersionalFileTVC.m in Sources */,
				3D3835D619F678B3006C9DB0 /* FindPasswordVC.m in Sources */,
				3D3835D919F678BF006C9DB0 /* RegisterVC.m in Sources */,
				3D9944A119E6C29E009A1A1F /* OTSBorder.m in Sources */,
				3D25220319F5441C00FC72A7 /* ErrorItemsCategoryTVC.m in Sources */,
				3D2521D619F53A4800FC72A7 /* PractiseHomeTVC.m in Sources */,
				3D2521F219F543CB00FC72A7 /* TestingCentreDetailVC.m in Sources */,
				3DD856D319E80EAC00A17F41 /* NewsCategoryTVC.m in Sources */,
				3D2521DE19F53B4F00FC72A7 /* ChooseSectionTVC.m in Sources */,
				3D25220B19F5455100FC72A7 /* ChooseExamTVC.m in Sources */,
				3D2521F319F543CB00FC72A7 /* TestingCentreTVC.m in Sources */,
				3DC1C57719E645FD004F23E1 /* main.m in Sources */,
				3DF5B86219E8E5E10050165F /* Beck.xcdatamodeld in Sources */,
				3D99449719E6B68B009A1A1F /* HomepageView.m in Sources */,
				3D2521CD19F533D900FC72A7 /* PayTVC.m in Sources */,
				3D9944B019E6CF74009A1A1F /* SettingTVC.m in Sources */,
				3D2521C319F52A6F00FC72A7 /* ExamModeVC.m in Sources */,
				3D2521D319F5340800FC72A7 /* AlipayTVC.m in Sources */,
				3D99449B19E6BF31009A1A1F /* UIView+create.m in Sources */,
				3DD856CD19E80ADA00A17F41 /* AutoItemsVC.m in Sources */,
				3D25220719F5441C00FC72A7 /* NotesCategoryTVC.m in Sources */,
				3D2521F119F543CB00FC72A7 /* TestingCentreCategoryTVC.m in Sources */,
				3D99449E19E6C03A009A1A1F /* UIImage+tool.m in Sources */,
				3D99449419E6B562009A1A1F /* HomepageTableViewCell.m in Sources */,
				3D0BEDC119EA443700B794B5 /* BeckTBC.m in Sources */,
				3D2521DF19F53B4F00FC72A7 /* PracticeModeVC.m in Sources */,
				3DD856DF19E8148C00A17F41 /* HistoryTVC.m in Sources */,
				3D3835E319F69AA1006C9DB0 /* BeckTools.m in Sources */,
				3D389D9319EC06EE00BDDAAD /* ExamResultCell.m in Sources */,
				3D2521E219F53C9100FC72A7 /* MyAccountHomeTVC.m in Sources */,
				3D25220519F5441C00FC72A7 /* FavorateItemsCategoryTVC.m in Sources */,
				3D3835DC19F678D7006C9DB0 /* EnterCodeVC.m in Sources */,
				3D2521DD19F53B4F00FC72A7 /* ChooseQuestionBankTVC.m in Sources */,
				3D25220419F5441C00FC72A7 /* ErrorItemsTVC.m in Sources */,
				3DD856D019E80DCD00A17F41 /* NewsTVC.m in Sources */,
				3D2521B919F526AE00FC72A7 /* BeckTVC.m in Sources */,
				3D3835DF19F678E8006C9DB0 /* EnterPasswordVC.m in Sources */,
				3DC68ABC19F54A6A003DB313 /* BeckLoginVC.m in Sources */,
			);
			runOnlyForDeploymentPostprocessing = 0;
		};
		3DC1C58919E645FD004F23E1 /* Sources */ = {
			isa = PBXSourcesBuildPhase;
			buildActionMask = 2147483647;
			files = (
				3DC1C59419E645FD004F23E1 /* BeckTests.m in Sources */,
			);
			runOnlyForDeploymentPostprocessing = 0;
		};
/* End PBXSourcesBuildPhase section */

/* Begin PBXTargetDependency section */
		3DC1C58F19E645FD004F23E1 /* PBXTargetDependency */ = {
			isa = PBXTargetDependency;
			target = 3DC1C57019E645FD004F23E1 /* Beck */;
			targetProxy = 3DC1C58E19E645FD004F23E1 /* PBXContainerItemProxy */;
		};
/* End PBXTargetDependency section */

/* Begin PBXVariantGroup section */
		3DC1C58119E645FD004F23E1 /* Main.storyboard */ = {
			isa = PBXVariantGroup;
			children = (
				3DC1C58219E645FD004F23E1 /* Base */,
			);
			name = Main.storyboard;
			sourceTree = "<group>";
		};
/* End PBXVariantGroup section */

/* Begin XCBuildConfiguration section */
		3DC1C59519E645FD004F23E1 /* Debug */ = {
			isa = XCBuildConfiguration;
			buildSettings = {
				ALWAYS_SEARCH_USER_PATHS = NO;
				CLANG_CXX_LANGUAGE_STANDARD = "gnu++0x";
				CLANG_CXX_LIBRARY = "libc++";
				CLANG_ENABLE_MODULES = YES;
				CLANG_ENABLE_OBJC_ARC = YES;
				CLANG_WARN_BOOL_CONVERSION = YES;
				CLANG_WARN_CONSTANT_CONVERSION = YES;
				CLANG_WARN_DIRECT_OBJC_ISA_USAGE = YES_ERROR;
				CLANG_WARN_EMPTY_BODY = YES;
				CLANG_WARN_ENUM_CONVERSION = YES;
				CLANG_WARN_INT_CONVERSION = YES;
				CLANG_WARN_OBJC_ROOT_CLASS = YES_ERROR;
				CLANG_WARN_UNREACHABLE_CODE = YES;
				CLANG_WARN__DUPLICATE_METHOD_MATCH = YES;
				"CODE_SIGN_IDENTITY[sdk=iphoneos*]" = "iPhone Developer";
				COPY_PHASE_STRIP = NO;
				ENABLE_STRICT_OBJC_MSGSEND = YES;
				GCC_C_LANGUAGE_STANDARD = gnu99;
				GCC_DYNAMIC_NO_PIC = NO;
				GCC_OPTIMIZATION_LEVEL = 0;
				GCC_PREPROCESSOR_DEFINITIONS = (
					"DEBUG=1",
					"$(inherited)",
				);
				GCC_SYMBOLS_PRIVATE_EXTERN = NO;
				GCC_WARN_64_TO_32_BIT_CONVERSION = YES;
				GCC_WARN_ABOUT_RETURN_TYPE = YES_ERROR;
				GCC_WARN_UNDECLARED_SELECTOR = YES;
				GCC_WARN_UNINITIALIZED_AUTOS = YES_AGGRESSIVE;
				GCC_WARN_UNUSED_FUNCTION = YES;
				GCC_WARN_UNUSED_VARIABLE = YES;
				IPHONEOS_DEPLOYMENT_TARGET = 6.0;
				MTL_ENABLE_DEBUG_INFO = YES;
				ONLY_ACTIVE_ARCH = YES;
				SDKROOT = iphoneos;
			};
			name = Debug;
		};
		3DC1C59619E645FD004F23E1 /* Release */ = {
			isa = XCBuildConfiguration;
			buildSettings = {
				ALWAYS_SEARCH_USER_PATHS = NO;
				CLANG_CXX_LANGUAGE_STANDARD = "gnu++0x";
				CLANG_CXX_LIBRARY = "libc++";
				CLANG_ENABLE_MODULES = YES;
				CLANG_ENABLE_OBJC_ARC = YES;
				CLANG_WARN_BOOL_CONVERSION = YES;
				CLANG_WARN_CONSTANT_CONVERSION = YES;
				CLANG_WARN_DIRECT_OBJC_ISA_USAGE = YES_ERROR;
				CLANG_WARN_EMPTY_BODY = YES;
				CLANG_WARN_ENUM_CONVERSION = YES;
				CLANG_WARN_INT_CONVERSION = YES;
				CLANG_WARN_OBJC_ROOT_CLASS = YES_ERROR;
				CLANG_WARN_UNREACHABLE_CODE = YES;
				CLANG_WARN__DUPLICATE_METHOD_MATCH = YES;
				"CODE_SIGN_IDENTITY[sdk=iphoneos*]" = "iPhone Developer";
				COPY_PHASE_STRIP = YES;
				ENABLE_NS_ASSERTIONS = NO;
				ENABLE_STRICT_OBJC_MSGSEND = YES;
				GCC_C_LANGUAGE_STANDARD = gnu99;
				GCC_WARN_64_TO_32_BIT_CONVERSION = YES;
				GCC_WARN_ABOUT_RETURN_TYPE = YES_ERROR;
				GCC_WARN_UNDECLARED_SELECTOR = YES;
				GCC_WARN_UNINITIALIZED_AUTOS = YES_AGGRESSIVE;
				GCC_WARN_UNUSED_FUNCTION = YES;
				GCC_WARN_UNUSED_VARIABLE = YES;
				IPHONEOS_DEPLOYMENT_TARGET = 6.0;
				MTL_ENABLE_DEBUG_INFO = NO;
				SDKROOT = iphoneos;
				VALIDATE_PRODUCT = YES;
			};
			name = Release;
		};
		3DC1C59819E645FD004F23E1 /* Debug */ = {
			isa = XCBuildConfiguration;
			baseConfigurationReference = 646B6BD972844B829AA84FB4 /* Pods.xcconfig */;
			buildSettings = {
				ASSETCATALOG_COMPILER_APPICON_NAME = AppIcon;
				ASSETCATALOG_COMPILER_LAUNCHIMAGE_NAME = LaunchImage;
				GCC_PRECOMPILE_PREFIX_HEADER = YES;
				GCC_PREFIX_HEADER = Beck/PrefixHeader.pch;
				INFOPLIST_FILE = Beck/Info.plist;
				IPHONEOS_DEPLOYMENT_TARGET = 6.0;
				LD_RUNPATH_SEARCH_PATHS = "$(inherited) @executable_path/Frameworks";
				LIBRARY_SEARCH_PATHS = (
					"$(inherited)",
					"$(PROJECT_DIR)/Beck/imkit",
				);
				ONLY_ACTIVE_ARCH = NO;
				PRODUCT_NAME = "$(TARGET_NAME)";
				VALID_ARCHS = armv7;
			};
			name = Debug;
		};
		3DC1C59919E645FD004F23E1 /* Release */ = {
			isa = XCBuildConfiguration;
			baseConfigurationReference = 646B6BD972844B829AA84FB4 /* Pods.xcconfig */;
			buildSettings = {
				ASSETCATALOG_COMPILER_APPICON_NAME = AppIcon;
				ASSETCATALOG_COMPILER_LAUNCHIMAGE_NAME = LaunchImage;
				GCC_PRECOMPILE_PREFIX_HEADER = YES;
				GCC_PREFIX_HEADER = Beck/PrefixHeader.pch;
				INFOPLIST_FILE = Beck/Info.plist;
				IPHONEOS_DEPLOYMENT_TARGET = 6.0;
				LD_RUNPATH_SEARCH_PATHS = "$(inherited) @executable_path/Frameworks";
				LIBRARY_SEARCH_PATHS = (
					"$(inherited)",
					"$(PROJECT_DIR)/Beck/imkit",
				);
				PRODUCT_NAME = "$(TARGET_NAME)";
				VALID_ARCHS = armv7;
			};
			name = Release;
		};
		3DC1C59B19E645FD004F23E1 /* Debug */ = {
			isa = XCBuildConfiguration;
			buildSettings = {
				BUNDLE_LOADER = "$(TEST_HOST)";
				FRAMEWORK_SEARCH_PATHS = (
					"$(SDKROOT)/Developer/Library/Frameworks",
					"$(inherited)",
				);
				GCC_PREPROCESSOR_DEFINITIONS = (
					"DEBUG=1",
					"$(inherited)",
				);
				INFOPLIST_FILE = BeckTests/Info.plist;
				LD_RUNPATH_SEARCH_PATHS = "$(inherited) @executable_path/Frameworks @loader_path/Frameworks";
				PRODUCT_NAME = "$(TARGET_NAME)";
				TEST_HOST = "$(BUILT_PRODUCTS_DIR)/Beck.app/Beck";
			};
			name = Debug;
		};
		3DC1C59C19E645FD004F23E1 /* Release */ = {
			isa = XCBuildConfiguration;
			buildSettings = {
				BUNDLE_LOADER = "$(TEST_HOST)";
				FRAMEWORK_SEARCH_PATHS = (
					"$(SDKROOT)/Developer/Library/Frameworks",
					"$(inherited)",
				);
				INFOPLIST_FILE = BeckTests/Info.plist;
				LD_RUNPATH_SEARCH_PATHS = "$(inherited) @executable_path/Frameworks @loader_path/Frameworks";
				PRODUCT_NAME = "$(TARGET_NAME)";
				TEST_HOST = "$(BUILT_PRODUCTS_DIR)/Beck.app/Beck";
			};
			name = Release;
		};
/* End XCBuildConfiguration section */

/* Begin XCConfigurationList section */
		3DC1C56C19E645FD004F23E1 /* Build configuration list for PBXProject "Beck" */ = {
			isa = XCConfigurationList;
			buildConfigurations = (
				3DC1C59519E645FD004F23E1 /* Debug */,
				3DC1C59619E645FD004F23E1 /* Release */,
			);
			defaultConfigurationIsVisible = 0;
			defaultConfigurationName = Release;
		};
		3DC1C59719E645FD004F23E1 /* Build configuration list for PBXNativeTarget "Beck" */ = {
			isa = XCConfigurationList;
			buildConfigurations = (
				3DC1C59819E645FD004F23E1 /* Debug */,
				3DC1C59919E645FD004F23E1 /* Release */,
			);
			defaultConfigurationIsVisible = 0;
			defaultConfigurationName = Release;
		};
		3DC1C59A19E645FD004F23E1 /* Build configuration list for PBXNativeTarget "BeckTests" */ = {
			isa = XCConfigurationList;
			buildConfigurations = (
				3DC1C59B19E645FD004F23E1 /* Debug */,
				3DC1C59C19E645FD004F23E1 /* Release */,
			);
			defaultConfigurationIsVisible = 0;
			defaultConfigurationName = Release;
		};
/* End XCConfigurationList section */

/* Begin XCVersionGroup section */
		3DF5B86019E8E5E10050165F /* Beck.xcdatamodeld */ = {
			isa = XCVersionGroup;
			children = (
				3DF5B86119E8E5E10050165F /* Beck.xcdatamodel */,
			);
			currentVersion = 3DF5B86119E8E5E10050165F /* Beck.xcdatamodel */;
			path = Beck.xcdatamodeld;
			sourceTree = "<group>";
			versionGroupType = wrapper.xcdatamodel;
		};
/* End XCVersionGroup section */
	};
	rootObject = 3DC1C56919E645FD004F23E1 /* Project object */;
}
